
Microsoft Visual Studio Solution File, Format Version 12.00
# Visual Studio 15
VisualStudioVersion = 15.0.28307.960
MinimumVisualStudioVersion = 10.0.40219.1
Project("{8BC9CEB8-8B4A-11D0-8D11-00A0C91BC942}") = "Codeup_BasicLevel-100", "Codeup_BasicLevel-100\Codeup_BasicLevel-100.vcxproj", "{19ADD4AF-B819-44F1-AA2E-B96824AEA258}"
EndProject
Project("{8BC9CEB8-8B4A-11D0-8D11-00A0C91BC942}") = "Q01_", "Q01_\Q01_.vcxproj", "{D1C676AF-3336-4D6C-B4F2-EF6EE64F2674}"
EndProject
Project("{8BC9CEB8-8B4A-11D0-8D11-00A0C91BC942}") = "Q02_", "Q02_\Q02_.vcxproj", "{F806FF01-71B8-4781-B424-D421F448E7C5}"
EndProject
Project("{8BC9CEB8-8B4A-11D0-8D11-00A0C91BC942}") = "Q03_", "Q03_\Q03_.vcxproj", "{6273EB70-FB71-45BC-8FB4-1594EDE64D12}"
EndProject
Project("{8BC9CEB8-8B4A-11D0-8D11-00A0C91BC942}") = "Q04_", "Q04_\Q04_.vcxproj", "{36D50AD0-0268-4BFE-B158-42087FFDBB9B}"
EndProject
Project("{8BC9CEB8-8B4A-11D0-8D11-00A0C91BC942}") = "Q05_", "Q05_\Q05_.vcxproj", "{760FFC6C-4E9B-4CB8-8F46-4DF68A7A44AB}"
EndProject
Project("{8BC9CEB8-8B4A-11D0-8D11-00A0C91BC942}") = "Q06_", "Q06_\Q06_.vcxproj", "{4D59DD58-752C-4CBA-A1D8-61D18660BD50}"
EndProject
Project("{8BC9CEB8-8B4A-11D0-8D11-00A0C91BC942}") = "Q07_", "Q07_\Q07_.vcxproj", "{C28C0810-9694-4CCC-819A-7C7C16219001}"
EndProject
Project("{8BC9CEB8-8B4A-11D0-8D11-00A0C91BC942}") = "Q08_", "Q08_\Q08_.vcxproj", "{05A2B5DD-4396-48FE-8507-3CBC9507CA85}"
EndProject
Project("{8BC9CEB8-8B4A-11D0-8D11-00A0C91BC942}") = "Q09_", "Q09_\Q09_.vcxproj", "{2E5711DB-4196-40D2-A5D2-9CADCD693F88}"
EndProject
Project("{8BC9CEB8-8B4A-11D0-8D11-00A0C91BC942}") = "Q10_", "Q10_\Q10_.vcxproj", "{D619F0F1-30E5-4598-A097-31AFCD667519}"
EndProject
Project("{8BC9CEB8-8B4A-11D0-8D11-00A0C91BC942}") = "Q11_", "Q11_\Q11_.vcxproj", "{2FEE31E2-4E56-476A-8A75-B896E659A043}"
EndProject
Project("{8BC9CEB8-8B4A-11D0-8D11-00A0C91BC942}") = "Q12_", "Q12_\Q12_.vcxproj", "{707198DB-A0E6-4CBF-AABD-4566DD1406C7}"
EndProject
Project("{8BC9CEB8-8B4A-11D0-8D11-00A0C91BC942}") = "Q13_", "Q13_\Q13_.vcxproj", "{2DB7C858-5145-453F-83C8-40C4061DA343}"
EndProject
Project("{8BC9CEB8-8B4A-11D0-8D11-00A0C91BC942}") = "Q14_", "Q14_\Q14_.vcxproj", "{C61A86DA-E78E-4918-AC70-738536ACA690}"
EndProject
Project("{8BC9CEB8-8B4A-11D0-8D11-00A0C91BC942}") = "Q15_", "Q15_\Q15_.vcxproj", "{3673631C-5A1E-4367-8A61-B0AB99FD4E19}"
EndProject
Project("{8BC9CEB8-8B4A-11D0-8D11-00A0C91BC942}") = "Q17_", "Q17_\Q17_.vcxproj", "{30C74451-B499-4404-8DF6-234E99076C7D}"
EndProject
Project("{8BC9CEB8-8B4A-11D0-8D11-00A0C91BC942}") = "Q18_", "Q18_\Q18_.vcxproj", "{AF9235CD-DE3E-4956-935B-779A14246033}"
EndProject
Project("{8BC9CEB8-8B4A-11D0-8D11-00A0C91BC942}") = "Q19_", "Q19_\Q19_.vcxproj", "{F3037695-F2A6-43EC-B268-774D9B48E7FD}"
EndProject
Project("{8BC9CEB8-8B4A-11D0-8D11-00A0C91BC942}") = "Q20_", "Q20_\Q20_.vcxproj", "{C8ACCF92-C661-4D96-A24D-A8BA645CA732}"
EndProject
Project("{8BC9CEB8-8B4A-11D0-8D11-00A0C91BC942}") = "Q21_", "Q21_\Q21_.vcxproj", "{D3498DA9-C890-4C0A-92B4-03AA6AE2ECEE}"
EndProject
Project("{8BC9CEB8-8B4A-11D0-8D11-00A0C91BC942}") = "Q22_", "Q22_\Q22_.vcxproj", "{10E294F4-4312-42AE-9ED0-81A0058FF723}"
EndProject
Project("{8BC9CEB8-8B4A-11D0-8D11-00A0C91BC942}") = "Q23_", "Q23_\Q23_.vcxproj", "{CF9A174C-7617-4DC0-926C-AC7AB57E18C0}"
EndProject
Project("{8BC9CEB8-8B4A-11D0-8D11-00A0C91BC942}") = "Q24_", "Q24_\Q24_.vcxproj", "{7D1BB4F5-3FE6-48EF-A12D-764EB930AD42}"
EndProject
Project("{8BC9CEB8-8B4A-11D0-8D11-00A0C91BC942}") = "Q25_", "Q25_\Q25_.vcxproj", "{9D93FF4F-EF9A-4243-9245-9102FC013F24}"
EndProject
Project("{8BC9CEB8-8B4A-11D0-8D11-00A0C91BC942}") = "Q26_", "Q26_\Q26_.vcxproj", "{C104EC38-F375-4994-B558-AA0D880D6EBA}"
EndProject
Project("{8BC9CEB8-8B4A-11D0-8D11-00A0C91BC942}") = "Q27_", "Q27_\Q27_.vcxproj", "{237868AE-E628-4915-9089-4FE3664F86A0}"
EndProject
Project("{8BC9CEB8-8B4A-11D0-8D11-00A0C91BC942}") = "Q28_", "Q28_\Q28_.vcxproj", "{C584EF38-0B6B-4A16-A058-8C6288AC2301}"
EndProject
Project("{8BC9CEB8-8B4A-11D0-8D11-00A0C91BC942}") = "Q29_", "Q29_\Q29_.vcxproj", "{284C5158-A5D0-4004-B82C-661B7DC833BD}"
EndProject
Project("{8BC9CEB8-8B4A-11D0-8D11-00A0C91BC942}") = "Q30_", "Q30_\Q30_.vcxproj", "{DB902DCF-0877-45A4-B965-EAFDE4D9B024}"
EndProject
Project("{8BC9CEB8-8B4A-11D0-8D11-00A0C91BC942}") = "Q31_", "Q31_\Q31_.vcxproj", "{50D99B17-9E5D-403F-9F88-2901394FA0B1}"
EndProject
Project("{8BC9CEB8-8B4A-11D0-8D11-00A0C91BC942}") = "Q32_", "Q32_\Q32_.vcxproj", "{AF92D525-DC9D-48EB-A93F-415358D8B6D6}"
EndProject
Project("{8BC9CEB8-8B4A-11D0-8D11-00A0C91BC942}") = "Q33_", "Q33_\Q33_.vcxproj", "{C993C079-ED39-4209-B6B9-97CAD32519F8}"
EndProject
Project("{8BC9CEB8-8B4A-11D0-8D11-00A0C91BC942}") = "Q34_", "Q34_\Q34_.vcxproj", "{91BCAEA1-4C40-4538-A7A6-63FB51BBCE62}"
EndProject
Project("{8BC9CEB8-8B4A-11D0-8D11-00A0C91BC942}") = "Q35_", "Q35_\Q35_.vcxproj", "{9F565695-4AB8-4AE9-B42D-10985EF440B7}"
EndProject
Project("{8BC9CEB8-8B4A-11D0-8D11-00A0C91BC942}") = "Q36_", "Q36_\Q36_.vcxproj", "{AE9D1D86-EC45-4F32-A54A-F7C89CB2D9EF}"
EndProject
Project("{8BC9CEB8-8B4A-11D0-8D11-00A0C91BC942}") = "Q37_", "Q37_\Q37_.vcxproj", "{A9CAD14B-C3E7-4100-AA9A-304491E0FCAF}"
EndProject
Project("{8BC9CEB8-8B4A-11D0-8D11-00A0C91BC942}") = "Q38_", "Q38_\Q38_.vcxproj", "{DF70AB01-5BD1-4EC7-9C8F-D191B94F6D17}"
EndProject
Project("{8BC9CEB8-8B4A-11D0-8D11-00A0C91BC942}") = "Q39_", "Q39_\Q39_.vcxproj", "{C2BC0888-200D-48B3-B44A-E0672137C8E9}"
EndProject
Project("{8BC9CEB8-8B4A-11D0-8D11-00A0C91BC942}") = "Q40_", "Q40_\Q40_.vcxproj", "{FD3D80A3-395E-471A-96F3-26E963B95431}"
EndProject
Project("{8BC9CEB8-8B4A-11D0-8D11-00A0C91BC942}") = "Q41_", "Q41_\Q41_.vcxproj", "{D052D969-7342-490A-81EC-FF06C2786793}"
EndProject
Project("{8BC9CEB8-8B4A-11D0-8D11-00A0C91BC942}") = "Q42_", "Q42_\Q42_.vcxproj", "{96AAA8E2-81D2-4B7D-8F8D-9CF30CA0839D}"
EndProject
Project("{8BC9CEB8-8B4A-11D0-8D11-00A0C91BC942}") = "Q43_", "Q43_\Q43_.vcxproj", "{0E98D8B2-EB10-44D1-9DC1-4206E8BC8392}"
EndProject
Project("{8BC9CEB8-8B4A-11D0-8D11-00A0C91BC942}") = "Q44_", "Q44_\Q44_.vcxproj", "{9DE5F1E8-E29E-4180-A41A-28FA29633BCE}"
EndProject
Project("{8BC9CEB8-8B4A-11D0-8D11-00A0C91BC942}") = "Q45_", "Q45_\Q45_.vcxproj", "{3BF95FE1-E93F-453A-BB76-B60556A2578B}"
EndProject
Project("{8BC9CEB8-8B4A-11D0-8D11-00A0C91BC942}") = "Q46_", "Q46_\Q46_.vcxproj", "{01C38BCB-21C9-4FF2-8801-1E1FAA425155}"
EndProject
Project("{8BC9CEB8-8B4A-11D0-8D11-00A0C91BC942}") = "Q47_", "Q47_\Q47_.vcxproj", "{7C26C1B8-80FF-40D8-B962-20377F3B4AA9}"
EndProject
Project("{8BC9CEB8-8B4A-11D0-8D11-00A0C91BC942}") = "Q48_", "Q48_\Q48_.vcxproj", "{E043CE4E-BF20-49BF-AB71-F2E2EF22D6C8}"
EndProject
Project("{8BC9CEB8-8B4A-11D0-8D11-00A0C91BC942}") = "Q49_", "Q49_\Q49_.vcxproj", "{9C75194A-43AE-46EC-9C2B-5DF57F7B0379}"
EndProject
Project("{8BC9CEB8-8B4A-11D0-8D11-00A0C91BC942}") = "Q50_", "Q50_\Q50_.vcxproj", "{0FB7C079-2DA1-4EC0-A097-8CEF7CEE4D66}"
EndProject
Project("{8BC9CEB8-8B4A-11D0-8D11-00A0C91BC942}") = "Q51_", "Q51_\Q51_.vcxproj", "{7B2618A3-2089-40A6-AE5D-A42ED713DB4C}"
EndProject
Global
	GlobalSection(SolutionConfigurationPlatforms) = preSolution
		Debug|x64 = Debug|x64
		Debug|x86 = Debug|x86
		Release|x64 = Release|x64
		Release|x86 = Release|x86
	EndGlobalSection
	GlobalSection(ProjectConfigurationPlatforms) = postSolution
		{19ADD4AF-B819-44F1-AA2E-B96824AEA258}.Debug|x64.ActiveCfg = Debug|x64
		{19ADD4AF-B819-44F1-AA2E-B96824AEA258}.Debug|x64.Build.0 = Debug|x64
		{19ADD4AF-B819-44F1-AA2E-B96824AEA258}.Debug|x86.ActiveCfg = Debug|Win32
		{19ADD4AF-B819-44F1-AA2E-B96824AEA258}.Debug|x86.Build.0 = Debug|Win32
		{19ADD4AF-B819-44F1-AA2E-B96824AEA258}.Release|x64.ActiveCfg = Release|x64
		{19ADD4AF-B819-44F1-AA2E-B96824AEA258}.Release|x64.Build.0 = Release|x64
		{19ADD4AF-B819-44F1-AA2E-B96824AEA258}.Release|x86.ActiveCfg = Release|Win32
		{19ADD4AF-B819-44F1-AA2E-B96824AEA258}.Release|x86.Build.0 = Release|Win32
		{D1C676AF-3336-4D6C-B4F2-EF6EE64F2674}.Debug|x64.ActiveCfg = Debug|x64
		{D1C676AF-3336-4D6C-B4F2-EF6EE64F2674}.Debug|x64.Build.0 = Debug|x64
		{D1C676AF-3336-4D6C-B4F2-EF6EE64F2674}.Debug|x86.ActiveCfg = Debug|Win32
		{D1C676AF-3336-4D6C-B4F2-EF6EE64F2674}.Debug|x86.Build.0 = Debug|Win32
		{D1C676AF-3336-4D6C-B4F2-EF6EE64F2674}.Release|x64.ActiveCfg = Release|x64
		{D1C676AF-3336-4D6C-B4F2-EF6EE64F2674}.Release|x64.Build.0 = Release|x64
		{D1C676AF-3336-4D6C-B4F2-EF6EE64F2674}.Release|x86.ActiveCfg = Release|Win32
		{D1C676AF-3336-4D6C-B4F2-EF6EE64F2674}.Release|x86.Build.0 = Release|Win32
		{F806FF01-71B8-4781-B424-D421F448E7C5}.Debug|x64.ActiveCfg = Debug|x64
		{F806FF01-71B8-4781-B424-D421F448E7C5}.Debug|x64.Build.0 = Debug|x64
		{F806FF01-71B8-4781-B424-D421F448E7C5}.Debug|x86.ActiveCfg = Debug|Win32
		{F806FF01-71B8-4781-B424-D421F448E7C5}.Debug|x86.Build.0 = Debug|Win32
		{F806FF01-71B8-4781-B424-D421F448E7C5}.Release|x64.ActiveCfg = Release|x64
		{F806FF01-71B8-4781-B424-D421F448E7C5}.Release|x64.Build.0 = Release|x64
		{F806FF01-71B8-4781-B424-D421F448E7C5}.Release|x86.ActiveCfg = Release|Win32
		{F806FF01-71B8-4781-B424-D421F448E7C5}.Release|x86.Build.0 = Release|Win32
		{6273EB70-FB71-45BC-8FB4-1594EDE64D12}.Debug|x64.ActiveCfg = Debug|x64
		{6273EB70-FB71-45BC-8FB4-1594EDE64D12}.Debug|x64.Build.0 = Debug|x64
		{6273EB70-FB71-45BC-8FB4-1594EDE64D12}.Debug|x86.ActiveCfg = Debug|Win32
		{6273EB70-FB71-45BC-8FB4-1594EDE64D12}.Debug|x86.Build.0 = Debug|Win32
		{6273EB70-FB71-45BC-8FB4-1594EDE64D12}.Release|x64.ActiveCfg = Release|x64
		{6273EB70-FB71-45BC-8FB4-1594EDE64D12}.Release|x64.Build.0 = Release|x64
		{6273EB70-FB71-45BC-8FB4-1594EDE64D12}.Release|x86.ActiveCfg = Release|Win32
		{6273EB70-FB71-45BC-8FB4-1594EDE64D12}.Release|x86.Build.0 = Release|Win32
		{36D50AD0-0268-4BFE-B158-42087FFDBB9B}.Debug|x64.ActiveCfg = Debug|x64
		{36D50AD0-0268-4BFE-B158-42087FFDBB9B}.Debug|x64.Build.0 = Debug|x64
		{36D50AD0-0268-4BFE-B158-42087FFDBB9B}.Debug|x86.ActiveCfg = Debug|Win32
		{36D50AD0-0268-4BFE-B158-42087FFDBB9B}.Debug|x86.Build.0 = Debug|Win32
		{36D50AD0-0268-4BFE-B158-42087FFDBB9B}.Release|x64.ActiveCfg = Release|x64
		{36D50AD0-0268-4BFE-B158-42087FFDBB9B}.Release|x64.Build.0 = Release|x64
		{36D50AD0-0268-4BFE-B158-42087FFDBB9B}.Release|x86.ActiveCfg = Release|Win32
		{36D50AD0-0268-4BFE-B158-42087FFDBB9B}.Release|x86.Build.0 = Release|Win32
		{760FFC6C-4E9B-4CB8-8F46-4DF68A7A44AB}.Debug|x64.ActiveCfg = Debug|x64
		{760FFC6C-4E9B-4CB8-8F46-4DF68A7A44AB}.Debug|x64.Build.0 = Debug|x64
		{760FFC6C-4E9B-4CB8-8F46-4DF68A7A44AB}.Debug|x86.ActiveCfg = Debug|Win32
		{760FFC6C-4E9B-4CB8-8F46-4DF68A7A44AB}.Debug|x86.Build.0 = Debug|Win32
		{760FFC6C-4E9B-4CB8-8F46-4DF68A7A44AB}.Release|x64.ActiveCfg = Release|x64
		{760FFC6C-4E9B-4CB8-8F46-4DF68A7A44AB}.Release|x64.Build.0 = Release|x64
		{760FFC6C-4E9B-4CB8-8F46-4DF68A7A44AB}.Release|x86.ActiveCfg = Release|Win32
		{760FFC6C-4E9B-4CB8-8F46-4DF68A7A44AB}.Release|x86.Build.0 = Release|Win32
		{4D59DD58-752C-4CBA-A1D8-61D18660BD50}.Debug|x64.ActiveCfg = Debug|x64
		{4D59DD58-752C-4CBA-A1D8-61D18660BD50}.Debug|x64.Build.0 = Debug|x64
		{4D59DD58-752C-4CBA-A1D8-61D18660BD50}.Debug|x86.ActiveCfg = Debug|Win32
		{4D59DD58-752C-4CBA-A1D8-61D18660BD50}.Debug|x86.Build.0 = Debug|Win32
		{4D59DD58-752C-4CBA-A1D8-61D18660BD50}.Release|x64.ActiveCfg = Release|x64
		{4D59DD58-752C-4CBA-A1D8-61D18660BD50}.Release|x64.Build.0 = Release|x64
		{4D59DD58-752C-4CBA-A1D8-61D18660BD50}.Release|x86.ActiveCfg = Release|Win32
		{4D59DD58-752C-4CBA-A1D8-61D18660BD50}.Release|x86.Build.0 = Release|Win32
		{C28C0810-9694-4CCC-819A-7C7C16219001}.Debug|x64.ActiveCfg = Debug|x64
		{C28C0810-9694-4CCC-819A-7C7C16219001}.Debug|x64.Build.0 = Debug|x64
		{C28C0810-9694-4CCC-819A-7C7C16219001}.Debug|x86.ActiveCfg = Debug|Win32
		{C28C0810-9694-4CCC-819A-7C7C16219001}.Debug|x86.Build.0 = Debug|Win32
		{C28C0810-9694-4CCC-819A-7C7C16219001}.Release|x64.ActiveCfg = Release|x64
		{C28C0810-9694-4CCC-819A-7C7C16219001}.Release|x64.Build.0 = Release|x64
		{C28C0810-9694-4CCC-819A-7C7C16219001}.Release|x86.ActiveCfg = Release|Win32
		{C28C0810-9694-4CCC-819A-7C7C16219001}.Release|x86.Build.0 = Release|Win32
		{05A2B5DD-4396-48FE-8507-3CBC9507CA85}.Debug|x64.ActiveCfg = Debug|x64
		{05A2B5DD-4396-48FE-8507-3CBC9507CA85}.Debug|x64.Build.0 = Debug|x64
		{05A2B5DD-4396-48FE-8507-3CBC9507CA85}.Debug|x86.ActiveCfg = Debug|Win32
		{05A2B5DD-4396-48FE-8507-3CBC9507CA85}.Debug|x86.Build.0 = Debug|Win32
		{05A2B5DD-4396-48FE-8507-3CBC9507CA85}.Release|x64.ActiveCfg = Release|x64
		{05A2B5DD-4396-48FE-8507-3CBC9507CA85}.Release|x64.Build.0 = Release|x64
		{05A2B5DD-4396-48FE-8507-3CBC9507CA85}.Release|x86.ActiveCfg = Release|Win32
		{05A2B5DD-4396-48FE-8507-3CBC9507CA85}.Release|x86.Build.0 = Release|Win32
		{2E5711DB-4196-40D2-A5D2-9CADCD693F88}.Debug|x64.ActiveCfg = Debug|x64
		{2E5711DB-4196-40D2-A5D2-9CADCD693F88}.Debug|x64.Build.0 = Debug|x64
		{2E5711DB-4196-40D2-A5D2-9CADCD693F88}.Debug|x86.ActiveCfg = Debug|Win32
		{2E5711DB-4196-40D2-A5D2-9CADCD693F88}.Debug|x86.Build.0 = Debug|Win32
		{2E5711DB-4196-40D2-A5D2-9CADCD693F88}.Release|x64.ActiveCfg = Release|x64
		{2E5711DB-4196-40D2-A5D2-9CADCD693F88}.Release|x64.Build.0 = Release|x64
		{2E5711DB-4196-40D2-A5D2-9CADCD693F88}.Release|x86.ActiveCfg = Release|Win32
		{2E5711DB-4196-40D2-A5D2-9CADCD693F88}.Release|x86.Build.0 = Release|Win32
		{D619F0F1-30E5-4598-A097-31AFCD667519}.Debug|x64.ActiveCfg = Debug|x64
		{D619F0F1-30E5-4598-A097-31AFCD667519}.Debug|x64.Build.0 = Debug|x64
		{D619F0F1-30E5-4598-A097-31AFCD667519}.Debug|x86.ActiveCfg = Debug|Win32
		{D619F0F1-30E5-4598-A097-31AFCD667519}.Debug|x86.Build.0 = Debug|Win32
		{D619F0F1-30E5-4598-A097-31AFCD667519}.Release|x64.ActiveCfg = Release|x64
		{D619F0F1-30E5-4598-A097-31AFCD667519}.Release|x64.Build.0 = Release|x64
		{D619F0F1-30E5-4598-A097-31AFCD667519}.Release|x86.ActiveCfg = Release|Win32
		{D619F0F1-30E5-4598-A097-31AFCD667519}.Release|x86.Build.0 = Release|Win32
		{2FEE31E2-4E56-476A-8A75-B896E659A043}.Debug|x64.ActiveCfg = Debug|x64
		{2FEE31E2-4E56-476A-8A75-B896E659A043}.Debug|x64.Build.0 = Debug|x64
		{2FEE31E2-4E56-476A-8A75-B896E659A043}.Debug|x86.ActiveCfg = Debug|Win32
		{2FEE31E2-4E56-476A-8A75-B896E659A043}.Debug|x86.Build.0 = Debug|Win32
		{2FEE31E2-4E56-476A-8A75-B896E659A043}.Release|x64.ActiveCfg = Release|x64
		{2FEE31E2-4E56-476A-8A75-B896E659A043}.Release|x64.Build.0 = Release|x64
		{2FEE31E2-4E56-476A-8A75-B896E659A043}.Release|x86.ActiveCfg = Release|Win32
		{2FEE31E2-4E56-476A-8A75-B896E659A043}.Release|x86.Build.0 = Release|Win32
		{707198DB-A0E6-4CBF-AABD-4566DD1406C7}.Debug|x64.ActiveCfg = Debug|x64
		{707198DB-A0E6-4CBF-AABD-4566DD1406C7}.Debug|x64.Build.0 = Debug|x64
		{707198DB-A0E6-4CBF-AABD-4566DD1406C7}.Debug|x86.ActiveCfg = Debug|Win32
		{707198DB-A0E6-4CBF-AABD-4566DD1406C7}.Debug|x86.Build.0 = Debug|Win32
		{707198DB-A0E6-4CBF-AABD-4566DD1406C7}.Release|x64.ActiveCfg = Release|x64
		{707198DB-A0E6-4CBF-AABD-4566DD1406C7}.Release|x64.Build.0 = Release|x64
		{707198DB-A0E6-4CBF-AABD-4566DD1406C7}.Release|x86.ActiveCfg = Release|Win32
		{707198DB-A0E6-4CBF-AABD-4566DD1406C7}.Release|x86.Build.0 = Release|Win32
		{2DB7C858-5145-453F-83C8-40C4061DA343}.Debug|x64.ActiveCfg = Debug|x64
		{2DB7C858-5145-453F-83C8-40C4061DA343}.Debug|x64.Build.0 = Debug|x64
		{2DB7C858-5145-453F-83C8-40C4061DA343}.Debug|x86.ActiveCfg = Debug|Win32
		{2DB7C858-5145-453F-83C8-40C4061DA343}.Debug|x86.Build.0 = Debug|Win32
		{2DB7C858-5145-453F-83C8-40C4061DA343}.Release|x64.ActiveCfg = Release|x64
		{2DB7C858-5145-453F-83C8-40C4061DA343}.Release|x64.Build.0 = Release|x64
		{2DB7C858-5145-453F-83C8-40C4061DA343}.Release|x86.ActiveCfg = Release|Win32
		{2DB7C858-5145-453F-83C8-40C4061DA343}.Release|x86.Build.0 = Release|Win32
		{C61A86DA-E78E-4918-AC70-738536ACA690}.Debug|x64.ActiveCfg = Debug|x64
		{C61A86DA-E78E-4918-AC70-738536ACA690}.Debug|x64.Build.0 = Debug|x64
		{C61A86DA-E78E-4918-AC70-738536ACA690}.Debug|x86.ActiveCfg = Debug|Win32
		{C61A86DA-E78E-4918-AC70-738536ACA690}.Debug|x86.Build.0 = Debug|Win32
		{C61A86DA-E78E-4918-AC70-738536ACA690}.Release|x64.ActiveCfg = Release|x64
		{C61A86DA-E78E-4918-AC70-738536ACA690}.Release|x64.Build.0 = Release|x64
		{C61A86DA-E78E-4918-AC70-738536ACA690}.Release|x86.ActiveCfg = Release|Win32
		{C61A86DA-E78E-4918-AC70-738536ACA690}.Release|x86.Build.0 = Release|Win32
		{3673631C-5A1E-4367-8A61-B0AB99FD4E19}.Debug|x64.ActiveCfg = Debug|x64
		{3673631C-5A1E-4367-8A61-B0AB99FD4E19}.Debug|x64.Build.0 = Debug|x64
		{3673631C-5A1E-4367-8A61-B0AB99FD4E19}.Debug|x86.ActiveCfg = Debug|Win32
		{3673631C-5A1E-4367-8A61-B0AB99FD4E19}.Debug|x86.Build.0 = Debug|Win32
		{3673631C-5A1E-4367-8A61-B0AB99FD4E19}.Release|x64.ActiveCfg = Release|x64
		{3673631C-5A1E-4367-8A61-B0AB99FD4E19}.Release|x64.Build.0 = Release|x64
		{3673631C-5A1E-4367-8A61-B0AB99FD4E19}.Release|x86.ActiveCfg = Release|Win32
		{3673631C-5A1E-4367-8A61-B0AB99FD4E19}.Release|x86.Build.0 = Release|Win32
		{30C74451-B499-4404-8DF6-234E99076C7D}.Debug|x64.ActiveCfg = Debug|x64
		{30C74451-B499-4404-8DF6-234E99076C7D}.Debug|x64.Build.0 = Debug|x64
		{30C74451-B499-4404-8DF6-234E99076C7D}.Debug|x86.ActiveCfg = Debug|Win32
		{30C74451-B499-4404-8DF6-234E99076C7D}.Debug|x86.Build.0 = Debug|Win32
		{30C74451-B499-4404-8DF6-234E99076C7D}.Release|x64.ActiveCfg = Release|x64
		{30C74451-B499-4404-8DF6-234E99076C7D}.Release|x64.Build.0 = Release|x64
		{30C74451-B499-4404-8DF6-234E99076C7D}.Release|x86.ActiveCfg = Release|Win32
		{30C74451-B499-4404-8DF6-234E99076C7D}.Release|x86.Build.0 = Release|Win32
		{AF9235CD-DE3E-4956-935B-779A14246033}.Debug|x64.ActiveCfg = Debug|x64
		{AF9235CD-DE3E-4956-935B-779A14246033}.Debug|x64.Build.0 = Debug|x64
		{AF9235CD-DE3E-4956-935B-779A14246033}.Debug|x86.ActiveCfg = Debug|Win32
		{AF9235CD-DE3E-4956-935B-779A14246033}.Debug|x86.Build.0 = Debug|Win32
		{AF9235CD-DE3E-4956-935B-779A14246033}.Release|x64.ActiveCfg = Release|x64
		{AF9235CD-DE3E-4956-935B-779A14246033}.Release|x64.Build.0 = Release|x64
		{AF9235CD-DE3E-4956-935B-779A14246033}.Release|x86.ActiveCfg = Release|Win32
		{AF9235CD-DE3E-4956-935B-779A14246033}.Release|x86.Build.0 = Release|Win32
		{F3037695-F2A6-43EC-B268-774D9B48E7FD}.Debug|x64.ActiveCfg = Debug|x64
		{F3037695-F2A6-43EC-B268-774D9B48E7FD}.Debug|x64.Build.0 = Debug|x64
		{F3037695-F2A6-43EC-B268-774D9B48E7FD}.Debug|x86.ActiveCfg = Debug|Win32
		{F3037695-F2A6-43EC-B268-774D9B48E7FD}.Debug|x86.Build.0 = Debug|Win32
		{F3037695-F2A6-43EC-B268-774D9B48E7FD}.Release|x64.ActiveCfg = Release|x64
		{F3037695-F2A6-43EC-B268-774D9B48E7FD}.Release|x64.Build.0 = Release|x64
		{F3037695-F2A6-43EC-B268-774D9B48E7FD}.Release|x86.ActiveCfg = Release|Win32
		{F3037695-F2A6-43EC-B268-774D9B48E7FD}.Release|x86.Build.0 = Release|Win32
		{C8ACCF92-C661-4D96-A24D-A8BA645CA732}.Debug|x64.ActiveCfg = Debug|x64
		{C8ACCF92-C661-4D96-A24D-A8BA645CA732}.Debug|x64.Build.0 = Debug|x64
		{C8ACCF92-C661-4D96-A24D-A8BA645CA732}.Debug|x86.ActiveCfg = Debug|Win32
		{C8ACCF92-C661-4D96-A24D-A8BA645CA732}.Debug|x86.Build.0 = Debug|Win32
		{C8ACCF92-C661-4D96-A24D-A8BA645CA732}.Release|x64.ActiveCfg = Release|x64
		{C8ACCF92-C661-4D96-A24D-A8BA645CA732}.Release|x64.Build.0 = Release|x64
		{C8ACCF92-C661-4D96-A24D-A8BA645CA732}.Release|x86.ActiveCfg = Release|Win32
		{C8ACCF92-C661-4D96-A24D-A8BA645CA732}.Release|x86.Build.0 = Release|Win32
		{D3498DA9-C890-4C0A-92B4-03AA6AE2ECEE}.Debug|x64.ActiveCfg = Debug|x64
		{D3498DA9-C890-4C0A-92B4-03AA6AE2ECEE}.Debug|x64.Build.0 = Debug|x64
		{D3498DA9-C890-4C0A-92B4-03AA6AE2ECEE}.Debug|x86.ActiveCfg = Debug|Win32
		{D3498DA9-C890-4C0A-92B4-03AA6AE2ECEE}.Debug|x86.Build.0 = Debug|Win32
		{D3498DA9-C890-4C0A-92B4-03AA6AE2ECEE}.Release|x64.ActiveCfg = Release|x64
		{D3498DA9-C890-4C0A-92B4-03AA6AE2ECEE}.Release|x64.Build.0 = Release|x64
		{D3498DA9-C890-4C0A-92B4-03AA6AE2ECEE}.Release|x86.ActiveCfg = Release|Win32
		{D3498DA9-C890-4C0A-92B4-03AA6AE2ECEE}.Release|x86.Build.0 = Release|Win32
		{10E294F4-4312-42AE-9ED0-81A0058FF723}.Debug|x64.ActiveCfg = Debug|x64
		{10E294F4-4312-42AE-9ED0-81A0058FF723}.Debug|x64.Build.0 = Debug|x64
		{10E294F4-4312-42AE-9ED0-81A0058FF723}.Debug|x86.ActiveCfg = Debug|Win32
		{10E294F4-4312-42AE-9ED0-81A0058FF723}.Debug|x86.Build.0 = Debug|Win32
		{10E294F4-4312-42AE-9ED0-81A0058FF723}.Release|x64.ActiveCfg = Release|x64
		{10E294F4-4312-42AE-9ED0-81A0058FF723}.Release|x64.Build.0 = Release|x64
		{10E294F4-4312-42AE-9ED0-81A0058FF723}.Release|x86.ActiveCfg = Release|Win32
		{10E294F4-4312-42AE-9ED0-81A0058FF723}.Release|x86.Build.0 = Release|Win32
		{CF9A174C-7617-4DC0-926C-AC7AB57E18C0}.Debug|x64.ActiveCfg = Debug|x64
		{CF9A174C-7617-4DC0-926C-AC7AB57E18C0}.Debug|x64.Build.0 = Debug|x64
		{CF9A174C-7617-4DC0-926C-AC7AB57E18C0}.Debug|x86.ActiveCfg = Debug|Win32
		{CF9A174C-7617-4DC0-926C-AC7AB57E18C0}.Debug|x86.Build.0 = Debug|Win32
		{CF9A174C-7617-4DC0-926C-AC7AB57E18C0}.Release|x64.ActiveCfg = Release|x64
		{CF9A174C-7617-4DC0-926C-AC7AB57E18C0}.Release|x64.Build.0 = Release|x64
		{CF9A174C-7617-4DC0-926C-AC7AB57E18C0}.Release|x86.ActiveCfg = Release|Win32
		{CF9A174C-7617-4DC0-926C-AC7AB57E18C0}.Release|x86.Build.0 = Release|Win32
		{7D1BB4F5-3FE6-48EF-A12D-764EB930AD42}.Debug|x64.ActiveCfg = Debug|x64
		{7D1BB4F5-3FE6-48EF-A12D-764EB930AD42}.Debug|x64.Build.0 = Debug|x64
		{7D1BB4F5-3FE6-48EF-A12D-764EB930AD42}.Debug|x86.ActiveCfg = Debug|Win32
		{7D1BB4F5-3FE6-48EF-A12D-764EB930AD42}.Debug|x86.Build.0 = Debug|Win32
		{7D1BB4F5-3FE6-48EF-A12D-764EB930AD42}.Release|x64.ActiveCfg = Release|x64
		{7D1BB4F5-3FE6-48EF-A12D-764EB930AD42}.Release|x64.Build.0 = Release|x64
		{7D1BB4F5-3FE6-48EF-A12D-764EB930AD42}.Release|x86.ActiveCfg = Release|Win32
		{7D1BB4F5-3FE6-48EF-A12D-764EB930AD42}.Release|x86.Build.0 = Release|Win32
		{9D93FF4F-EF9A-4243-9245-9102FC013F24}.Debug|x64.ActiveCfg = Debug|x64
		{9D93FF4F-EF9A-4243-9245-9102FC013F24}.Debug|x64.Build.0 = Debug|x64
		{9D93FF4F-EF9A-4243-9245-9102FC013F24}.Debug|x86.ActiveCfg = Debug|Win32
		{9D93FF4F-EF9A-4243-9245-9102FC013F24}.Debug|x86.Build.0 = Debug|Win32
		{9D93FF4F-EF9A-4243-9245-9102FC013F24}.Release|x64.ActiveCfg = Release|x64
		{9D93FF4F-EF9A-4243-9245-9102FC013F24}.Release|x64.Build.0 = Release|x64
		{9D93FF4F-EF9A-4243-9245-9102FC013F24}.Release|x86.ActiveCfg = Release|Win32
		{9D93FF4F-EF9A-4243-9245-9102FC013F24}.Release|x86.Build.0 = Release|Win32
		{C104EC38-F375-4994-B558-AA0D880D6EBA}.Debug|x64.ActiveCfg = Debug|x64
		{C104EC38-F375-4994-B558-AA0D880D6EBA}.Debug|x64.Build.0 = Debug|x64
		{C104EC38-F375-4994-B558-AA0D880D6EBA}.Debug|x86.ActiveCfg = Debug|Win32
		{C104EC38-F375-4994-B558-AA0D880D6EBA}.Debug|x86.Build.0 = Debug|Win32
		{C104EC38-F375-4994-B558-AA0D880D6EBA}.Release|x64.ActiveCfg = Release|x64
		{C104EC38-F375-4994-B558-AA0D880D6EBA}.Release|x64.Build.0 = Release|x64
		{C104EC38-F375-4994-B558-AA0D880D6EBA}.Release|x86.ActiveCfg = Release|Win32
		{C104EC38-F375-4994-B558-AA0D880D6EBA}.Release|x86.Build.0 = Release|Win32
		{237868AE-E628-4915-9089-4FE3664F86A0}.Debug|x64.ActiveCfg = Debug|x64
		{237868AE-E628-4915-9089-4FE3664F86A0}.Debug|x64.Build.0 = Debug|x64
		{237868AE-E628-4915-9089-4FE3664F86A0}.Debug|x86.ActiveCfg = Debug|Win32
		{237868AE-E628-4915-9089-4FE3664F86A0}.Debug|x86.Build.0 = Debug|Win32
		{237868AE-E628-4915-9089-4FE3664F86A0}.Release|x64.ActiveCfg = Release|x64
		{237868AE-E628-4915-9089-4FE3664F86A0}.Release|x64.Build.0 = Release|x64
		{237868AE-E628-4915-9089-4FE3664F86A0}.Release|x86.ActiveCfg = Release|Win32
		{237868AE-E628-4915-9089-4FE3664F86A0}.Release|x86.Build.0 = Release|Win32
		{C584EF38-0B6B-4A16-A058-8C6288AC2301}.Debug|x64.ActiveCfg = Debug|x64
		{C584EF38-0B6B-4A16-A058-8C6288AC2301}.Debug|x64.Build.0 = Debug|x64
		{C584EF38-0B6B-4A16-A058-8C6288AC2301}.Debug|x86.ActiveCfg = Debug|Win32
		{C584EF38-0B6B-4A16-A058-8C6288AC2301}.Debug|x86.Build.0 = Debug|Win32
		{C584EF38-0B6B-4A16-A058-8C6288AC2301}.Release|x64.ActiveCfg = Release|x64
		{C584EF38-0B6B-4A16-A058-8C6288AC2301}.Release|x64.Build.0 = Release|x64
		{C584EF38-0B6B-4A16-A058-8C6288AC2301}.Release|x86.ActiveCfg = Release|Win32
		{C584EF38-0B6B-4A16-A058-8C6288AC2301}.Release|x86.Build.0 = Release|Win32
		{284C5158-A5D0-4004-B82C-661B7DC833BD}.Debug|x64.ActiveCfg = Debug|x64
		{284C5158-A5D0-4004-B82C-661B7DC833BD}.Debug|x64.Build.0 = Debug|x64
		{284C5158-A5D0-4004-B82C-661B7DC833BD}.Debug|x86.ActiveCfg = Debug|Win32
		{284C5158-A5D0-4004-B82C-661B7DC833BD}.Debug|x86.Build.0 = Debug|Win32
		{284C5158-A5D0-4004-B82C-661B7DC833BD}.Release|x64.ActiveCfg = Release|x64
		{284C5158-A5D0-4004-B82C-661B7DC833BD}.Release|x64.Build.0 = Release|x64
		{284C5158-A5D0-4004-B82C-661B7DC833BD}.Release|x86.ActiveCfg = Release|Win32
		{284C5158-A5D0-4004-B82C-661B7DC833BD}.Release|x86.Build.0 = Release|Win32
		{DB902DCF-0877-45A4-B965-EAFDE4D9B024}.Debug|x64.ActiveCfg = Debug|x64
		{DB902DCF-0877-45A4-B965-EAFDE4D9B024}.Debug|x64.Build.0 = Debug|x64
		{DB902DCF-0877-45A4-B965-EAFDE4D9B024}.Debug|x86.ActiveCfg = Debug|Win32
		{DB902DCF-0877-45A4-B965-EAFDE4D9B024}.Debug|x86.Build.0 = Debug|Win32
		{DB902DCF-0877-45A4-B965-EAFDE4D9B024}.Release|x64.ActiveCfg = Release|x64
		{DB902DCF-0877-45A4-B965-EAFDE4D9B024}.Release|x64.Build.0 = Release|x64
		{DB902DCF-0877-45A4-B965-EAFDE4D9B024}.Release|x86.ActiveCfg = Release|Win32
		{DB902DCF-0877-45A4-B965-EAFDE4D9B024}.Release|x86.Build.0 = Release|Win32
		{50D99B17-9E5D-403F-9F88-2901394FA0B1}.Debug|x64.ActiveCfg = Debug|x64
		{50D99B17-9E5D-403F-9F88-2901394FA0B1}.Debug|x64.Build.0 = Debug|x64
		{50D99B17-9E5D-403F-9F88-2901394FA0B1}.Debug|x86.ActiveCfg = Debug|Win32
		{50D99B17-9E5D-403F-9F88-2901394FA0B1}.Debug|x86.Build.0 = Debug|Win32
		{50D99B17-9E5D-403F-9F88-2901394FA0B1}.Release|x64.ActiveCfg = Release|x64
		{50D99B17-9E5D-403F-9F88-2901394FA0B1}.Release|x64.Build.0 = Release|x64
		{50D99B17-9E5D-403F-9F88-2901394FA0B1}.Release|x86.ActiveCfg = Release|Win32
		{50D99B17-9E5D-403F-9F88-2901394FA0B1}.Release|x86.Build.0 = Release|Win32
		{AF92D525-DC9D-48EB-A93F-415358D8B6D6}.Debug|x64.ActiveCfg = Debug|x64
		{AF92D525-DC9D-48EB-A93F-415358D8B6D6}.Debug|x64.Build.0 = Debug|x64
		{AF92D525-DC9D-48EB-A93F-415358D8B6D6}.Debug|x86.ActiveCfg = Debug|Win32
		{AF92D525-DC9D-48EB-A93F-415358D8B6D6}.Debug|x86.Build.0 = Debug|Win32
		{AF92D525-DC9D-48EB-A93F-415358D8B6D6}.Release|x64.ActiveCfg = Release|x64
		{AF92D525-DC9D-48EB-A93F-415358D8B6D6}.Release|x64.Build.0 = Release|x64
		{AF92D525-DC9D-48EB-A93F-415358D8B6D6}.Release|x86.ActiveCfg = Release|Win32
		{AF92D525-DC9D-48EB-A93F-415358D8B6D6}.Release|x86.Build.0 = Release|Win32
		{C993C079-ED39-4209-B6B9-97CAD32519F8}.Debug|x64.ActiveCfg = Debug|x64
		{C993C079-ED39-4209-B6B9-97CAD32519F8}.Debug|x64.Build.0 = Debug|x64
		{C993C079-ED39-4209-B6B9-97CAD32519F8}.Debug|x86.ActiveCfg = Debug|Win32
		{C993C079-ED39-4209-B6B9-97CAD32519F8}.Debug|x86.Build.0 = Debug|Win32
		{C993C079-ED39-4209-B6B9-97CAD32519F8}.Release|x64.ActiveCfg = Release|x64
		{C993C079-ED39-4209-B6B9-97CAD32519F8}.Release|x64.Build.0 = Release|x64
		{C993C079-ED39-4209-B6B9-97CAD32519F8}.Release|x86.ActiveCfg = Release|Win32
		{C993C079-ED39-4209-B6B9-97CAD32519F8}.Release|x86.Build.0 = Release|Win32
		{91BCAEA1-4C40-4538-A7A6-63FB51BBCE62}.Debug|x64.ActiveCfg = Debug|x64
		{91BCAEA1-4C40-4538-A7A6-63FB51BBCE62}.Debug|x64.Build.0 = Debug|x64
		{91BCAEA1-4C40-4538-A7A6-63FB51BBCE62}.Debug|x86.ActiveCfg = Debug|Win32
		{91BCAEA1-4C40-4538-A7A6-63FB51BBCE62}.Debug|x86.Build.0 = Debug|Win32
		{91BCAEA1-4C40-4538-A7A6-63FB51BBCE62}.Release|x64.ActiveCfg = Release|x64
		{91BCAEA1-4C40-4538-A7A6-63FB51BBCE62}.Release|x64.Build.0 = Release|x64
		{91BCAEA1-4C40-4538-A7A6-63FB51BBCE62}.Release|x86.ActiveCfg = Release|Win32
		{91BCAEA1-4C40-4538-A7A6-63FB51BBCE62}.Release|x86.Build.0 = Release|Win32
		{9F565695-4AB8-4AE9-B42D-10985EF440B7}.Debug|x64.ActiveCfg = Debug|x64
		{9F565695-4AB8-4AE9-B42D-10985EF440B7}.Debug|x64.Build.0 = Debug|x64
		{9F565695-4AB8-4AE9-B42D-10985EF440B7}.Debug|x86.ActiveCfg = Debug|Win32
		{9F565695-4AB8-4AE9-B42D-10985EF440B7}.Debug|x86.Build.0 = Debug|Win32
		{9F565695-4AB8-4AE9-B42D-10985EF440B7}.Release|x64.ActiveCfg = Release|x64
		{9F565695-4AB8-4AE9-B42D-10985EF440B7}.Release|x64.Build.0 = Release|x64
		{9F565695-4AB8-4AE9-B42D-10985EF440B7}.Release|x86.ActiveCfg = Release|Win32
		{9F565695-4AB8-4AE9-B42D-10985EF440B7}.Release|x86.Build.0 = Release|Win32
		{AE9D1D86-EC45-4F32-A54A-F7C89CB2D9EF}.Debug|x64.ActiveCfg = Debug|x64
		{AE9D1D86-EC45-4F32-A54A-F7C89CB2D9EF}.Debug|x64.Build.0 = Debug|x64
		{AE9D1D86-EC45-4F32-A54A-F7C89CB2D9EF}.Debug|x86.ActiveCfg = Debug|Win32
		{AE9D1D86-EC45-4F32-A54A-F7C89CB2D9EF}.Debug|x86.Build.0 = Debug|Win32
		{AE9D1D86-EC45-4F32-A54A-F7C89CB2D9EF}.Release|x64.ActiveCfg = Release|x64
		{AE9D1D86-EC45-4F32-A54A-F7C89CB2D9EF}.Release|x64.Build.0 = Release|x64
		{AE9D1D86-EC45-4F32-A54A-F7C89CB2D9EF}.Release|x86.ActiveCfg = Release|Win32
		{AE9D1D86-EC45-4F32-A54A-F7C89CB2D9EF}.Release|x86.Build.0 = Release|Win32
		{A9CAD14B-C3E7-4100-AA9A-304491E0FCAF}.Debug|x64.ActiveCfg = Debug|x64
		{A9CAD14B-C3E7-4100-AA9A-304491E0FCAF}.Debug|x64.Build.0 = Debug|x64
		{A9CAD14B-C3E7-4100-AA9A-304491E0FCAF}.Debug|x86.ActiveCfg = Debug|Win32
		{A9CAD14B-C3E7-4100-AA9A-304491E0FCAF}.Debug|x86.Build.0 = Debug|Win32
		{A9CAD14B-C3E7-4100-AA9A-304491E0FCAF}.Release|x64.ActiveCfg = Release|x64
		{A9CAD14B-C3E7-4100-AA9A-304491E0FCAF}.Release|x64.Build.0 = Release|x64
		{A9CAD14B-C3E7-4100-AA9A-304491E0FCAF}.Release|x86.ActiveCfg = Release|Win32
		{A9CAD14B-C3E7-4100-AA9A-304491E0FCAF}.Release|x86.Build.0 = Release|Win32
		{DF70AB01-5BD1-4EC7-9C8F-D191B94F6D17}.Debug|x64.ActiveCfg = Debug|x64
		{DF70AB01-5BD1-4EC7-9C8F-D191B94F6D17}.Debug|x64.Build.0 = Debug|x64
		{DF70AB01-5BD1-4EC7-9C8F-D191B94F6D17}.Debug|x86.ActiveCfg = Debug|Win32
		{DF70AB01-5BD1-4EC7-9C8F-D191B94F6D17}.Debug|x86.Build.0 = Debug|Win32
		{DF70AB01-5BD1-4EC7-9C8F-D191B94F6D17}.Release|x64.ActiveCfg = Release|x64
		{DF70AB01-5BD1-4EC7-9C8F-D191B94F6D17}.Release|x64.Build.0 = Release|x64
		{DF70AB01-5BD1-4EC7-9C8F-D191B94F6D17}.Release|x86.ActiveCfg = Release|Win32
		{DF70AB01-5BD1-4EC7-9C8F-D191B94F6D17}.Release|x86.Build.0 = Release|Win32
		{C2BC0888-200D-48B3-B44A-E0672137C8E9}.Debug|x64.ActiveCfg = Debug|x64
		{C2BC0888-200D-48B3-B44A-E0672137C8E9}.Debug|x64.Build.0 = Debug|x64
		{C2BC0888-200D-48B3-B44A-E0672137C8E9}.Debug|x86.ActiveCfg = Debug|Win32
		{C2BC0888-200D-48B3-B44A-E0672137C8E9}.Debug|x86.Build.0 = Debug|Win32
		{C2BC0888-200D-48B3-B44A-E0672137C8E9}.Release|x64.ActiveCfg = Release|x64
		{C2BC0888-200D-48B3-B44A-E0672137C8E9}.Release|x64.Build.0 = Release|x64
		{C2BC0888-200D-48B3-B44A-E0672137C8E9}.Release|x86.ActiveCfg = Release|Win32
		{C2BC0888-200D-48B3-B44A-E0672137C8E9}.Release|x86.Build.0 = Release|Win32
		{FD3D80A3-395E-471A-96F3-26E963B95431}.Debug|x64.ActiveCfg = Debug|x64
		{FD3D80A3-395E-471A-96F3-26E963B95431}.Debug|x64.Build.0 = Debug|x64
		{FD3D80A3-395E-471A-96F3-26E963B95431}.Debug|x86.ActiveCfg = Debug|Win32
		{FD3D80A3-395E-471A-96F3-26E963B95431}.Debug|x86.Build.0 = Debug|Win32
		{FD3D80A3-395E-471A-96F3-26E963B95431}.Release|x64.ActiveCfg = Release|x64
		{FD3D80A3-395E-471A-96F3-26E963B95431}.Release|x64.Build.0 = Release|x64
		{FD3D80A3-395E-471A-96F3-26E963B95431}.Release|x86.ActiveCfg = Release|Win32
		{FD3D80A3-395E-471A-96F3-26E963B95431}.Release|x86.Build.0 = Release|Win32
		{D052D969-7342-490A-81EC-FF06C2786793}.Debug|x64.ActiveCfg = Debug|x64
		{D052D969-7342-490A-81EC-FF06C2786793}.Debug|x64.Build.0 = Debug|x64
		{D052D969-7342-490A-81EC-FF06C2786793}.Debug|x86.ActiveCfg = Debug|Win32
		{D052D969-7342-490A-81EC-FF06C2786793}.Debug|x86.Build.0 = Debug|Win32
		{D052D969-7342-490A-81EC-FF06C2786793}.Release|x64.ActiveCfg = Release|x64
		{D052D969-7342-490A-81EC-FF06C2786793}.Release|x64.Build.0 = Release|x64
		{D052D969-7342-490A-81EC-FF06C2786793}.Release|x86.ActiveCfg = Release|Win32
		{D052D969-7342-490A-81EC-FF06C2786793}.Release|x86.Build.0 = Release|Win32
		{96AAA8E2-81D2-4B7D-8F8D-9CF30CA0839D}.Debug|x64.ActiveCfg = Debug|x64
		{96AAA8E2-81D2-4B7D-8F8D-9CF30CA0839D}.Debug|x64.Build.0 = Debug|x64
		{96AAA8E2-81D2-4B7D-8F8D-9CF30CA0839D}.Debug|x86.ActiveCfg = Debug|Win32
		{96AAA8E2-81D2-4B7D-8F8D-9CF30CA0839D}.Debug|x86.Build.0 = Debug|Win32
		{96AAA8E2-81D2-4B7D-8F8D-9CF30CA0839D}.Release|x64.ActiveCfg = Release|x64
		{96AAA8E2-81D2-4B7D-8F8D-9CF30CA0839D}.Release|x64.Build.0 = Release|x64
		{96AAA8E2-81D2-4B7D-8F8D-9CF30CA0839D}.Release|x86.ActiveCfg = Release|Win32
		{96AAA8E2-81D2-4B7D-8F8D-9CF30CA0839D}.Release|x86.Build.0 = Release|Win32
		{0E98D8B2-EB10-44D1-9DC1-4206E8BC8392}.Debug|x64.ActiveCfg = Debug|x64
		{0E98D8B2-EB10-44D1-9DC1-4206E8BC8392}.Debug|x64.Build.0 = Debug|x64
		{0E98D8B2-EB10-44D1-9DC1-4206E8BC8392}.Debug|x86.ActiveCfg = Debug|Win32
		{0E98D8B2-EB10-44D1-9DC1-4206E8BC8392}.Debug|x86.Build.0 = Debug|Win32
		{0E98D8B2-EB10-44D1-9DC1-4206E8BC8392}.Release|x64.ActiveCfg = Release|x64
		{0E98D8B2-EB10-44D1-9DC1-4206E8BC8392}.Release|x64.Build.0 = Release|x64
		{0E98D8B2-EB10-44D1-9DC1-4206E8BC8392}.Release|x86.ActiveCfg = Release|Win32
		{0E98D8B2-EB10-44D1-9DC1-4206E8BC8392}.Release|x86.Build.0 = Release|Win32
		{9DE5F1E8-E29E-4180-A41A-28FA29633BCE}.Debug|x64.ActiveCfg = Debug|x64
		{9DE5F1E8-E29E-4180-A41A-28FA29633BCE}.Debug|x64.Build.0 = Debug|x64
		{9DE5F1E8-E29E-4180-A41A-28FA29633BCE}.Debug|x86.ActiveCfg = Debug|Win32
		{9DE5F1E8-E29E-4180-A41A-28FA29633BCE}.Debug|x86.Build.0 = Debug|Win32
		{9DE5F1E8-E29E-4180-A41A-28FA29633BCE}.Release|x64.ActiveCfg = Release|x64
		{9DE5F1E8-E29E-4180-A41A-28FA29633BCE}.Release|x64.Build.0 = Release|x64
		{9DE5F1E8-E29E-4180-A41A-28FA29633BCE}.Release|x86.ActiveCfg = Release|Win32
		{9DE5F1E8-E29E-4180-A41A-28FA29633BCE}.Release|x86.Build.0 = Release|Win32
		{3BF95FE1-E93F-453A-BB76-B60556A2578B}.Debug|x64.ActiveCfg = Debug|x64
		{3BF95FE1-E93F-453A-BB76-B60556A2578B}.Debug|x64.Build.0 = Debug|x64
		{3BF95FE1-E93F-453A-BB76-B60556A2578B}.Debug|x86.ActiveCfg = Debug|Win32
		{3BF95FE1-E93F-453A-BB76-B60556A2578B}.Debug|x86.Build.0 = Debug|Win32
		{3BF95FE1-E93F-453A-BB76-B60556A2578B}.Release|x64.ActiveCfg = Release|x64
		{3BF95FE1-E93F-453A-BB76-B60556A2578B}.Release|x64.Build.0 = Release|x64
		{3BF95FE1-E93F-453A-BB76-B60556A2578B}.Release|x86.ActiveCfg = Release|Win32
		{3BF95FE1-E93F-453A-BB76-B60556A2578B}.Release|x86.Build.0 = Release|Win32
		{01C38BCB-21C9-4FF2-8801-1E1FAA425155}.Debug|x64.ActiveCfg = Debug|x64
		{01C38BCB-21C9-4FF2-8801-1E1FAA425155}.Debug|x64.Build.0 = Debug|x64
		{01C38BCB-21C9-4FF2-8801-1E1FAA425155}.Debug|x86.ActiveCfg = Debug|Win32
		{01C38BCB-21C9-4FF2-8801-1E1FAA425155}.Debug|x86.Build.0 = Debug|Win32
		{01C38BCB-21C9-4FF2-8801-1E1FAA425155}.Release|x64.ActiveCfg = Release|x64
		{01C38BCB-21C9-4FF2-8801-1E1FAA425155}.Release|x64.Build.0 = Release|x64
		{01C38BCB-21C9-4FF2-8801-1E1FAA425155}.Release|x86.ActiveCfg = Release|Win32
		{01C38BCB-21C9-4FF2-8801-1E1FAA425155}.Release|x86.Build.0 = Release|Win32
		{7C26C1B8-80FF-40D8-B962-20377F3B4AA9}.Debug|x64.ActiveCfg = Debug|x64
		{7C26C1B8-80FF-40D8-B962-20377F3B4AA9}.Debug|x64.Build.0 = Debug|x64
		{7C26C1B8-80FF-40D8-B962-20377F3B4AA9}.Debug|x86.ActiveCfg = Debug|Win32
		{7C26C1B8-80FF-40D8-B962-20377F3B4AA9}.Debug|x86.Build.0 = Debug|Win32
		{7C26C1B8-80FF-40D8-B962-20377F3B4AA9}.Release|x64.ActiveCfg = Release|x64
		{7C26C1B8-80FF-40D8-B962-20377F3B4AA9}.Release|x64.Build.0 = Release|x64
		{7C26C1B8-80FF-40D8-B962-20377F3B4AA9}.Release|x86.ActiveCfg = Release|Win32
		{7C26C1B8-80FF-40D8-B962-20377F3B4AA9}.Release|x86.Build.0 = Release|Win32
		{E043CE4E-BF20-49BF-AB71-F2E2EF22D6C8}.Debug|x64.ActiveCfg = Debug|x64
		{E043CE4E-BF20-49BF-AB71-F2E2EF22D6C8}.Debug|x64.Build.0 = Debug|x64
		{E043CE4E-BF20-49BF-AB71-F2E2EF22D6C8}.Debug|x86.ActiveCfg = Debug|Win32
		{E043CE4E-BF20-49BF-AB71-F2E2EF22D6C8}.Debug|x86.Build.0 = Debug|Win32
		{E043CE4E-BF20-49BF-AB71-F2E2EF22D6C8}.Release|x64.ActiveCfg = Release|x64
		{E043CE4E-BF20-49BF-AB71-F2E2EF22D6C8}.Release|x64.Build.0 = Release|x64
		{E043CE4E-BF20-49BF-AB71-F2E2EF22D6C8}.Release|x86.ActiveCfg = Release|Win32
		{E043CE4E-BF20-49BF-AB71-F2E2EF22D6C8}.Release|x86.Build.0 = Release|Win32
		{9C75194A-43AE-46EC-9C2B-5DF57F7B0379}.Debug|x64.ActiveCfg = Debug|x64
		{9C75194A-43AE-46EC-9C2B-5DF57F7B0379}.Debug|x64.Build.0 = Debug|x64
		{9C75194A-43AE-46EC-9C2B-5DF57F7B0379}.Debug|x86.ActiveCfg = Debug|Win32
		{9C75194A-43AE-46EC-9C2B-5DF57F7B0379}.Debug|x86.Build.0 = Debug|Win32
		{9C75194A-43AE-46EC-9C2B-5DF57F7B0379}.Release|x64.ActiveCfg = Release|x64
		{9C75194A-43AE-46EC-9C2B-5DF57F7B0379}.Release|x64.Build.0 = Release|x64
		{9C75194A-43AE-46EC-9C2B-5DF57F7B0379}.Release|x86.ActiveCfg = Release|Win32
		{9C75194A-43AE-46EC-9C2B-5DF57F7B0379}.Release|x86.Build.0 = Release|Win32
		{0FB7C079-2DA1-4EC0-A097-8CEF7CEE4D66}.Debug|x64.ActiveCfg = Debug|x64
		{0FB7C079-2DA1-4EC0-A097-8CEF7CEE4D66}.Debug|x64.Build.0 = Debug|x64
		{0FB7C079-2DA1-4EC0-A097-8CEF7CEE4D66}.Debug|x86.ActiveCfg = Debug|Win32
		{0FB7C079-2DA1-4EC0-A097-8CEF7CEE4D66}.Debug|x86.Build.0 = Debug|Win32
		{0FB7C079-2DA1-4EC0-A097-8CEF7CEE4D66}.Release|x64.ActiveCfg = Release|x64
		{0FB7C079-2DA1-4EC0-A097-8CEF7CEE4D66}.Release|x64.Build.0 = Release|x64
		{0FB7C079-2DA1-4EC0-A097-8CEF7CEE4D66}.Release|x86.ActiveCfg = Release|Win32
		{0FB7C079-2DA1-4EC0-A097-8CEF7CEE4D66}.Release|x86.Build.0 = Release|Win32
		{7B2618A3-2089-40A6-AE5D-A42ED713DB4C}.Debug|x64.ActiveCfg = Debug|x64
		{7B2618A3-2089-40A6-AE5D-A42ED713DB4C}.Debug|x64.Build.0 = Debug|x64
		{7B2618A3-2089-40A6-AE5D-A42ED713DB4C}.Debug|x86.ActiveCfg = Debug|Win32
		{7B2618A3-2089-40A6-AE5D-A42ED713DB4C}.Debug|x86.Build.0 = Debug|Win32
		{7B2618A3-2089-40A6-AE5D-A42ED713DB4C}.Release|x64.ActiveCfg = Release|x64
		{7B2618A3-2089-40A6-AE5D-A42ED713DB4C}.Release|x64.Build.0 = Release|x64
		{7B2618A3-2089-40A6-AE5D-A42ED713DB4C}.Release|x86.ActiveCfg = Release|Win32
		{7B2618A3-2089-40A6-AE5D-A42ED713DB4C}.Release|x86.Build.0 = Release|Win32
	EndGlobalSection
	GlobalSection(SolutionProperties) = preSolution
		HideSolutionNode = FALSE
	EndGlobalSection
	GlobalSection(ExtensibilityGlobals) = postSolution
		SolutionGuid = {C53D871F-4DE6-4E42-93C1-F59B73EDB54E}
	EndGlobalSection
EndGlobal
