
Microsoft Visual Studio Solution File, Format Version 12.00
# Visual Studio 15
VisualStudioVersion = 15.0.28307.960
MinimumVisualStudioVersion = 10.0.40219.1
Project("{8BC9CEB8-8B4A-11D0-8D11-00A0C91BC942}") = "Codeup_BasicLevel-100", "Codeup_BasicLevel-100\Codeup_BasicLevel-100.vcxproj", "{19ADD4AF-B819-44F1-AA2E-B96824AEA258}"
EndProject
Project("{8BC9CEB8-8B4A-11D0-8D11-00A0C91BC942}") = "Q01_", "Q01_\Q01_.vcxproj", "{D1C676AF-3336-4D6C-B4F2-EF6EE64F2674}"
EndProject
Project("{8BC9CEB8-8B4A-11D0-8D11-00A0C91BC942}") = "Q02_", "Q02_\Q02_.vcxproj", "{F806FF01-71B8-4781-B424-D421F448E7C5}"
EndProject
Project("{8BC9CEB8-8B4A-11D0-8D11-00A0C91BC942}") = "Q03_", "Q03_\Q03_.vcxproj", "{6273EB70-FB71-45BC-8FB4-1594EDE64D12}"
EndProject
Project("{8BC9CEB8-8B4A-11D0-8D11-00A0C91BC942}") = "Q04_", "Q04_\Q04_.vcxproj", "{36D50AD0-0268-4BFE-B158-42087FFDBB9B}"
EndProject
Project("{8BC9CEB8-8B4A-11D0-8D11-00A0C91BC942}") = "Q05_", "Q05_\Q05_.vcxproj", "{760FFC6C-4E9B-4CB8-8F46-4DF68A7A44AB}"
EndProject
Project("{8BC9CEB8-8B4A-11D0-8D11-00A0C91BC942}") = "Q06_", "Q06_\Q06_.vcxproj", "{4D59DD58-752C-4CBA-A1D8-61D18660BD50}"
EndProject
Project("{8BC9CEB8-8B4A-11D0-8D11-00A0C91BC942}") = "Q07_", "Q07_\Q07_.vcxproj", "{C28C0810-9694-4CCC-819A-7C7C16219001}"
EndProject
Project("{8BC9CEB8-8B4A-11D0-8D11-00A0C91BC942}") = "Q08_", "Q08_\Q08_.vcxproj", "{05A2B5DD-4396-48FE-8507-3CBC9507CA85}"
EndProject
Project("{8BC9CEB8-8B4A-11D0-8D11-00A0C91BC942}") = "Q09_", "Q09_\Q09_.vcxproj", "{2E5711DB-4196-40D2-A5D2-9CADCD693F88}"
EndProject
Project("{8BC9CEB8-8B4A-11D0-8D11-00A0C91BC942}") = "Q10_", "Q10_\Q10_.vcxproj", "{D619F0F1-30E5-4598-A097-31AFCD667519}"
EndProject
Project("{8BC9CEB8-8B4A-11D0-8D11-00A0C91BC942}") = "Q11_", "Q11_\Q11_.vcxproj", "{2FEE31E2-4E56-476A-8A75-B896E659A043}"
EndProject
Project("{8BC9CEB8-8B4A-11D0-8D11-00A0C91BC942}") = "Q12_", "Q12_\Q12_.vcxproj", "{707198DB-A0E6-4CBF-AABD-4566DD1406C7}"
EndProject
Project("{8BC9CEB8-8B4A-11D0-8D11-00A0C91BC942}") = "Q13_", "Q13_\Q13_.vcxproj", "{2DB7C858-5145-453F-83C8-40C4061DA343}"
EndProject
Project("{8BC9CEB8-8B4A-11D0-8D11-00A0C91BC942}") = "Q14_", "Q14_\Q14_.vcxproj", "{C61A86DA-E78E-4918-AC70-738536ACA690}"
EndProject
Project("{8BC9CEB8-8B4A-11D0-8D11-00A0C91BC942}") = "Q15_", "Q15_\Q15_.vcxproj", "{3673631C-5A1E-4367-8A61-B0AB99FD4E19}"
EndProject
Project("{8BC9CEB8-8B4A-11D0-8D11-00A0C91BC942}") = "Q17_", "Q17_\Q17_.vcxproj", "{30C74451-B499-4404-8DF6-234E99076C7D}"
EndProject
Project("{8BC9CEB8-8B4A-11D0-8D11-00A0C91BC942}") = "Q18_", "Q18_\Q18_.vcxproj", "{AF9235CD-DE3E-4956-935B-779A14246033}"
EndProject
Project("{8BC9CEB8-8B4A-11D0-8D11-00A0C91BC942}") = "Q19_", "Q19_\Q19_.vcxproj", "{F3037695-F2A6-43EC-B268-774D9B48E7FD}"
EndProject
Project("{8BC9CEB8-8B4A-11D0-8D11-00A0C91BC942}") = "Q20_", "Q20_\Q20_.vcxproj", "{C8ACCF92-C661-4D96-A24D-A8BA645CA732}"
EndProject
Project("{8BC9CEB8-8B4A-11D0-8D11-00A0C91BC942}") = "Q21_", "Q21_\Q21_.vcxproj", "{D3498DA9-C890-4C0A-92B4-03AA6AE2ECEE}"
EndProject
Project("{8BC9CEB8-8B4A-11D0-8D11-00A0C91BC942}") = "Q22_", "Q22_\Q22_.vcxproj", "{10E294F4-4312-42AE-9ED0-81A0058FF723}"
EndProject
Project("{8BC9CEB8-8B4A-11D0-8D11-00A0C91BC942}") = "Q23_", "Q23_\Q23_.vcxproj", "{CF9A174C-7617-4DC0-926C-AC7AB57E18C0}"
EndProject
Project("{8BC9CEB8-8B4A-11D0-8D11-00A0C91BC942}") = "Q24_", "Q24_\Q24_.vcxproj", "{7D1BB4F5-3FE6-48EF-A12D-764EB930AD42}"
EndProject
Project("{8BC9CEB8-8B4A-11D0-8D11-00A0C91BC942}") = "Q25_", "Q25_\Q25_.vcxproj", "{9D93FF4F-EF9A-4243-9245-9102FC013F24}"
EndProject
Project("{8BC9CEB8-8B4A-11D0-8D11-00A0C91BC942}") = "Q26_", "Q26_\Q26_.vcxproj", "{C104EC38-F375-4994-B558-AA0D880D6EBA}"
EndProject
Project("{8BC9CEB8-8B4A-11D0-8D11-00A0C91BC942}") = "Q27_", "Q27_\Q27_.vcxproj", "{237868AE-E628-4915-9089-4FE3664F86A0}"
EndProject
Project("{8BC9CEB8-8B4A-11D0-8D11-00A0C91BC942}") = "Q28_", "Q28_\Q28_.vcxproj", "{C584EF38-0B6B-4A16-A058-8C6288AC2301}"
EndProject
Project("{8BC9CEB8-8B4A-11D0-8D11-00A0C91BC942}") = "Q29_", "Q29_\Q29_.vcxproj", "{284C5158-A5D0-4004-B82C-661B7DC833BD}"
EndProject
Project("{8BC9CEB8-8B4A-11D0-8D11-00A0C91BC942}") = "Q30_", "Q30_\Q30_.vcxproj", "{DB902DCF-0877-45A4-B965-EAFDE4D9B024}"
EndProject
Project("{8BC9CEB8-8B4A-11D0-8D11-00A0C91BC942}") = "Q31_", "Q31_\Q31_.vcxproj", "{50D99B17-9E5D-403F-9F88-2901394FA0B1}"
EndProject
Project("{8BC9CEB8-8B4A-11D0-8D11-00A0C91BC942}") = "Q32_", "Q32_\Q32_.vcxproj", "{AF92D525-DC9D-48EB-A93F-415358D8B6D6}"
EndProject
Project("{8BC9CEB8-8B4A-11D0-8D11-00A0C91BC942}") = "Q33_", "Q33_\Q33_.vcxproj", "{C993C079-ED39-4209-B6B9-97CAD32519F8}"
EndProject
Project("{8BC9CEB8-8B4A-11D0-8D11-00A0C91BC942}") = "Q34_", "Q34_\Q34_.vcxproj", "{91BCAEA1-4C40-4538-A7A6-63FB51BBCE62}"
EndProject
Project("{8BC9CEB8-8B4A-11D0-8D11-00A0C91BC942}") = "Q35_", "Q35_\Q35_.vcxproj", "{9F565695-4AB8-4AE9-B42D-10985EF440B7}"
EndProject
Project("{8BC9CEB8-8B4A-11D0-8D11-00A0C91BC942}") = "Q36_", "Q36_\Q36_.vcxproj", "{AE9D1D86-EC45-4F32-A54A-F7C89CB2D9EF}"
EndProject
Project("{8BC9CEB8-8B4A-11D0-8D11-00A0C91BC942}") = "Q37_", "Q37_\Q37_.vcxproj", "{A9CAD14B-C3E7-4100-AA9A-304491E0FCAF}"
EndProject
Project("{8BC9CEB8-8B4A-11D0-8D11-00A0C91BC942}") = "Q38_", "Q38_\Q38_.vcxproj", "{DF70AB01-5BD1-4EC7-9C8F-D191B94F6D17}"
EndProject
Project("{8BC9CEB8-8B4A-11D0-8D11-00A0C91BC942}") = "Q39_", "Q39_\Q39_.vcxproj", "{C2BC0888-200D-48B3-B44A-E0672137C8E9}"
EndProject
Project("{8BC9CEB8-8B4A-11D0-8D11-00A0C91BC942}") = "Q40_", "Q40_\Q40_.vcxproj", "{FD3D80A3-395E-471A-96F3-26E963B95431}"
EndProject
Project("{8BC9CEB8-8B4A-11D0-8D11-00A0C91BC942}") = "Q41_", "Q41_\Q41_.vcxproj", "{D052D969-7342-490A-81EC-FF06C2786793}"
EndProject
Project("{8BC9CEB8-8B4A-11D0-8D11-00A0C91BC942}") = "Q42_", "Q42_\Q42_.vcxproj", "{96AAA8E2-81D2-4B7D-8F8D-9CF30CA0839D}"
EndProject
Project("{8BC9CEB8-8B4A-11D0-8D11-00A0C91BC942}") = "Q43_", "Q43_\Q43_.vcxproj", "{0E98D8B2-EB10-44D1-9DC1-4206E8BC8392}"
EndProject
Project("{8BC9CEB8-8B4A-11D0-8D11-00A0C91BC942}") = "Q44_", "Q44_\Q44_.vcxproj", "{9DE5F1E8-E29E-4180-A41A-28FA29633BCE}"
EndProject
Project("{8BC9CEB8-8B4A-11D0-8D11-00A0C91BC942}") = "Q45_", "Q45_\Q45_.vcxproj", "{3BF95FE1-E93F-453A-BB76-B60556A2578B}"
EndProject
Project("{8BC9CEB8-8B4A-11D0-8D11-00A0C91BC942}") = "Q46_", "Q46_\Q46_.vcxproj", "{01C38BCB-21C9-4FF2-8801-1E1FAA425155}"
EndProject
Project("{8BC9CEB8-8B4A-11D0-8D11-00A0C91BC942}") = "Q47_", "Q47_\Q47_.vcxproj", "{7C26C1B8-80FF-40D8-B962-20377F3B4AA9}"
EndProject
Project("{8BC9CEB8-8B4A-11D0-8D11-00A0C91BC942}") = "Q48_", "Q48_\Q48_.vcxproj", "{E043CE4E-BF20-49BF-AB71-F2E2EF22D6C8}"
EndProject
Project("{8BC9CEB8-8B4A-11D0-8D11-00A0C91BC942}") = "Q49_", "Q49_\Q49_.vcxproj", "{9C75194A-43AE-46EC-9C2B-5DF57F7B0379}"
EndProject
Project("{8BC9CEB8-8B4A-11D0-8D11-00A0C91BC942}") = "Q50_", "Q50_\Q50_.vcxproj", "{0FB7C079-2DA1-4EC0-A097-8CEF7CEE4D66}"
EndProject
Project("{8BC9CEB8-8B4A-11D0-8D11-00A0C91BC942}") = "Q51_", "Q51_\Q51_.vcxproj", "{7B2618A3-2089-40A6-AE5D-A42ED713DB4C}"
EndProject
Project("{8BC9CEB8-8B4A-11D0-8D11-00A0C91BC942}") = "Q52_", "Q52_\Q52_.vcxproj", "{78B83A7E-81F7-4AD1-9CBA-44A5025274CE}"
EndProject
Project("{8BC9CEB8-8B4A-11D0-8D11-00A0C91BC942}") = "Q53_", "Q53_\Q53_.vcxproj", "{C59BB1AD-0792-463D-BCA3-613292D0E6A3}"
EndProject
Project("{8BC9CEB8-8B4A-11D0-8D11-00A0C91BC942}") = "Q54_", "Q54_\Q54_.vcxproj", "{250EADD1-A0B2-49E6-A498-B73B7DA066E6}"
EndProject
Project("{8BC9CEB8-8B4A-11D0-8D11-00A0C91BC942}") = "Q55_", "Q55_\Q55_.vcxproj", "{E865DC8C-F2BE-4B74-8CEB-2E0C315BC32B}"
EndProject
Project("{8BC9CEB8-8B4A-11D0-8D11-00A0C91BC942}") = "Q56_", "Q56_\Q56_.vcxproj", "{D14D1411-B0B7-46AE-8CE8-EE18A9CC0996}"
EndProject
Project("{8BC9CEB8-8B4A-11D0-8D11-00A0C91BC942}") = "Q57_", "Q57_\Q57_.vcxproj", "{DDD22FFC-5859-4BF9-9A8D-45AC086DAB2C}"
EndProject
Project("{8BC9CEB8-8B4A-11D0-8D11-00A0C91BC942}") = "Q58_", "Q58_\Q58_.vcxproj", "{CBE6B5FD-A4DD-4988-8E6C-2412D2C6488A}"
EndProject
Project("{8BC9CEB8-8B4A-11D0-8D11-00A0C91BC942}") = "Q59_", "Q59_\Q59_.vcxproj", "{4927762C-4479-4C7E-A56C-7D506B79395B}"
EndProject
Project("{8BC9CEB8-8B4A-11D0-8D11-00A0C91BC942}") = "Q60_", "Q60_\Q60_.vcxproj", "{851123C4-9123-4A8C-9F94-CE06F3465134}"
EndProject
Project("{8BC9CEB8-8B4A-11D0-8D11-00A0C91BC942}") = "Q61_", "Q61_\Q61_.vcxproj", "{0923B75B-B4CD-46B5-95E0-587643820AAD}"
EndProject
Project("{8BC9CEB8-8B4A-11D0-8D11-00A0C91BC942}") = "Q62_", "Q62_\Q62_.vcxproj", "{5155F6EF-B832-459C-BC06-AEC877166CBD}"
EndProject
Project("{8BC9CEB8-8B4A-11D0-8D11-00A0C91BC942}") = "Q64_", "Q64_\Q64_.vcxproj", "{5CF93B51-F3D9-4692-8B1F-D361159C1745}"
EndProject
Project("{8BC9CEB8-8B4A-11D0-8D11-00A0C91BC942}") = "Q63_", "Q63_\Q63_.vcxproj", "{34ACE336-6AE4-48AE-8CB8-B2D70B3246A5}"
EndProject
Project("{8BC9CEB8-8B4A-11D0-8D11-00A0C91BC942}") = "Q65_", "Q65_\Q65_.vcxproj", "{9457E154-411E-4652-BB1E-0C3B5729883A}"
EndProject
Project("{8BC9CEB8-8B4A-11D0-8D11-00A0C91BC942}") = "Q66_", "Q66_\Q66_.vcxproj", "{F1E526A1-4E07-493E-8C1A-A2F226C457BC}"
EndProject
Project("{8BC9CEB8-8B4A-11D0-8D11-00A0C91BC942}") = "Q67_", "Q67_\Q67_.vcxproj", "{FEAA2F74-74F5-4D57-B966-91C7ACF90E2B}"
EndProject
Project("{8BC9CEB8-8B4A-11D0-8D11-00A0C91BC942}") = "Q68_", "Q68_\Q68_.vcxproj", "{211A378B-CF5A-4F50-9296-88B9D9045573}"
EndProject
Project("{8BC9CEB8-8B4A-11D0-8D11-00A0C91BC942}") = "Q69_", "Q69_\Q69_.vcxproj", "{60EFD4CD-3102-41B6-87F5-0B715AEFDD59}"
EndProject
Project("{8BC9CEB8-8B4A-11D0-8D11-00A0C91BC942}") = "Q70_", "Q70_\Q70_.vcxproj", "{1F36A9C9-2214-4EBF-89BC-F0334A5E6520}"
EndProject
Project("{8BC9CEB8-8B4A-11D0-8D11-00A0C91BC942}") = "Q71_", "Q71_\Q71_.vcxproj", "{D2C93BDA-2DF2-4D8A-B966-00E30C2C528E}"
EndProject
Project("{8BC9CEB8-8B4A-11D0-8D11-00A0C91BC942}") = "Q72_", "Q72_\Q72_.vcxproj", "{32A92179-BC8E-4BC1-87E6-01BC414D9C65}"
EndProject
Project("{8BC9CEB8-8B4A-11D0-8D11-00A0C91BC942}") = "Q73_", "Q73_\Q73_.vcxproj", "{0BB8075B-50C3-43F0-BD54-AF18FBF4F3B5}"
EndProject
Project("{8BC9CEB8-8B4A-11D0-8D11-00A0C91BC942}") = "Q74_", "Q74_\Q74_.vcxproj", "{2781F8CD-D7EB-42EF-BD0B-782FDAD7046B}"
EndProject
Project("{8BC9CEB8-8B4A-11D0-8D11-00A0C91BC942}") = "Q75_", "Q75_\Q75_.vcxproj", "{C0686D98-9468-46B3-B063-4E13D43278E5}"
EndProject
Project("{8BC9CEB8-8B4A-11D0-8D11-00A0C91BC942}") = "Q76_", "Q76_\Q76_.vcxproj", "{36D676D9-EAB3-4018-9431-9CAD2321CC91}"
EndProject
Project("{8BC9CEB8-8B4A-11D0-8D11-00A0C91BC942}") = "Q77_", "Q77_\Q77_.vcxproj", "{93EDBDDC-0CAE-4911-BA91-EAA08C2244C7}"
EndProject
Project("{8BC9CEB8-8B4A-11D0-8D11-00A0C91BC942}") = "Q78_", "Q78_\Q78_.vcxproj", "{DD07662C-D3D7-4DB2-89A9-DE1CBDD721C3}"
EndProject
Project("{8BC9CEB8-8B4A-11D0-8D11-00A0C91BC942}") = "Q79_", "Q79_\Q79_.vcxproj", "{50A76607-CDA0-4455-8E4C-0DB2E776E9C2}"
EndProject
Project("{8BC9CEB8-8B4A-11D0-8D11-00A0C91BC942}") = "Q80_", "Q80_\Q80_.vcxproj", "{0A05E048-B466-4EDA-9D4F-CA42CDA1CA45}"
EndProject
Project("{8BC9CEB8-8B4A-11D0-8D11-00A0C91BC942}") = "Q81_", "Q81_\Q81_.vcxproj", "{827958F4-A7C4-4DF2-8042-8CD184CF1ADA}"
EndProject
Project("{8BC9CEB8-8B4A-11D0-8D11-00A0C91BC942}") = "Q82_", "Q82_\Q82_.vcxproj", "{5F460289-247F-4402-A7D6-EC387A6E178C}"
EndProject
Project("{8BC9CEB8-8B4A-11D0-8D11-00A0C91BC942}") = "Q83_", "Q83_\Q83_.vcxproj", "{2C6F97BA-94D8-44A1-9B0E-724CA4D10042}"
EndProject
Project("{8BC9CEB8-8B4A-11D0-8D11-00A0C91BC942}") = "Q84_", "Q84_\Q84_.vcxproj", "{A7DE376D-B55E-4DDD-8FC2-F9CCEEA6D9D8}"
EndProject
Project("{8BC9CEB8-8B4A-11D0-8D11-00A0C91BC942}") = "Q85_", "Q85_\Q85_.vcxproj", "{37AE6755-242B-42E0-B84A-04C7452CA3BB}"
EndProject
Project("{8BC9CEB8-8B4A-11D0-8D11-00A0C91BC942}") = "Q86_", "Q86_\Q86_.vcxproj", "{EB482CA7-D66C-4B0C-9615-6D654D7D6122}"
EndProject
Project("{8BC9CEB8-8B4A-11D0-8D11-00A0C91BC942}") = "Q87_", "Q87_\Q87_.vcxproj", "{27B015E5-DADC-4756-BEC8-FAF0EF6900E0}"
EndProject
Project("{8BC9CEB8-8B4A-11D0-8D11-00A0C91BC942}") = "Q88_", "Q88_\Q88_.vcxproj", "{4937A031-6B97-497C-BB61-D2E02A90351D}"
EndProject
Project("{8BC9CEB8-8B4A-11D0-8D11-00A0C91BC942}") = "Q89_", "Q89_\Q89_.vcxproj", "{FF7D6326-31DF-40A0-BAA4-F562E645E512}"
EndProject
Project("{8BC9CEB8-8B4A-11D0-8D11-00A0C91BC942}") = "Q90_", "Q90_\Q90_.vcxproj", "{691ACFC0-D553-4E9E-BAFB-5D86C385B2EA}"
EndProject
Global
	GlobalSection(SolutionConfigurationPlatforms) = preSolution
		Debug|x64 = Debug|x64
		Debug|x86 = Debug|x86
		Release|x64 = Release|x64
		Release|x86 = Release|x86
	EndGlobalSection
	GlobalSection(ProjectConfigurationPlatforms) = postSolution
		{19ADD4AF-B819-44F1-AA2E-B96824AEA258}.Debug|x64.ActiveCfg = Debug|x64
		{19ADD4AF-B819-44F1-AA2E-B96824AEA258}.Debug|x64.Build.0 = Debug|x64
		{19ADD4AF-B819-44F1-AA2E-B96824AEA258}.Debug|x86.ActiveCfg = Debug|Win32
		{19ADD4AF-B819-44F1-AA2E-B96824AEA258}.Debug|x86.Build.0 = Debug|Win32
		{19ADD4AF-B819-44F1-AA2E-B96824AEA258}.Release|x64.ActiveCfg = Release|x64
		{19ADD4AF-B819-44F1-AA2E-B96824AEA258}.Release|x64.Build.0 = Release|x64
		{19ADD4AF-B819-44F1-AA2E-B96824AEA258}.Release|x86.ActiveCfg = Release|Win32
		{19ADD4AF-B819-44F1-AA2E-B96824AEA258}.Release|x86.Build.0 = Release|Win32
		{D1C676AF-3336-4D6C-B4F2-EF6EE64F2674}.Debug|x64.ActiveCfg = Debug|x64
		{D1C676AF-3336-4D6C-B4F2-EF6EE64F2674}.Debug|x64.Build.0 = Debug|x64
		{D1C676AF-3336-4D6C-B4F2-EF6EE64F2674}.Debug|x86.ActiveCfg = Debug|Win32
		{D1C676AF-3336-4D6C-B4F2-EF6EE64F2674}.Debug|x86.Build.0 = Debug|Win32
		{D1C676AF-3336-4D6C-B4F2-EF6EE64F2674}.Release|x64.ActiveCfg = Release|x64
		{D1C676AF-3336-4D6C-B4F2-EF6EE64F2674}.Release|x64.Build.0 = Release|x64
		{D1C676AF-3336-4D6C-B4F2-EF6EE64F2674}.Release|x86.ActiveCfg = Release|Win32
		{D1C676AF-3336-4D6C-B4F2-EF6EE64F2674}.Release|x86.Build.0 = Release|Win32
		{F806FF01-71B8-4781-B424-D421F448E7C5}.Debug|x64.ActiveCfg = Debug|x64
		{F806FF01-71B8-4781-B424-D421F448E7C5}.Debug|x64.Build.0 = Debug|x64
		{F806FF01-71B8-4781-B424-D421F448E7C5}.Debug|x86.ActiveCfg = Debug|Win32
		{F806FF01-71B8-4781-B424-D421F448E7C5}.Debug|x86.Build.0 = Debug|Win32
		{F806FF01-71B8-4781-B424-D421F448E7C5}.Release|x64.ActiveCfg = Release|x64
		{F806FF01-71B8-4781-B424-D421F448E7C5}.Release|x64.Build.0 = Release|x64
		{F806FF01-71B8-4781-B424-D421F448E7C5}.Release|x86.ActiveCfg = Release|Win32
		{F806FF01-71B8-4781-B424-D421F448E7C5}.Release|x86.Build.0 = Release|Win32
		{6273EB70-FB71-45BC-8FB4-1594EDE64D12}.Debug|x64.ActiveCfg = Debug|x64
		{6273EB70-FB71-45BC-8FB4-1594EDE64D12}.Debug|x64.Build.0 = Debug|x64
		{6273EB70-FB71-45BC-8FB4-1594EDE64D12}.Debug|x86.ActiveCfg = Debug|Win32
		{6273EB70-FB71-45BC-8FB4-1594EDE64D12}.Debug|x86.Build.0 = Debug|Win32
		{6273EB70-FB71-45BC-8FB4-1594EDE64D12}.Release|x64.ActiveCfg = Release|x64
		{6273EB70-FB71-45BC-8FB4-1594EDE64D12}.Release|x64.Build.0 = Release|x64
		{6273EB70-FB71-45BC-8FB4-1594EDE64D12}.Release|x86.ActiveCfg = Release|Win32
		{6273EB70-FB71-45BC-8FB4-1594EDE64D12}.Release|x86.Build.0 = Release|Win32
		{36D50AD0-0268-4BFE-B158-42087FFDBB9B}.Debug|x64.ActiveCfg = Debug|x64
		{36D50AD0-0268-4BFE-B158-42087FFDBB9B}.Debug|x64.Build.0 = Debug|x64
		{36D50AD0-0268-4BFE-B158-42087FFDBB9B}.Debug|x86.ActiveCfg = Debug|Win32
		{36D50AD0-0268-4BFE-B158-42087FFDBB9B}.Debug|x86.Build.0 = Debug|Win32
		{36D50AD0-0268-4BFE-B158-42087FFDBB9B}.Release|x64.ActiveCfg = Release|x64
		{36D50AD0-0268-4BFE-B158-42087FFDBB9B}.Release|x64.Build.0 = Release|x64
		{36D50AD0-0268-4BFE-B158-42087FFDBB9B}.Release|x86.ActiveCfg = Release|Win32
		{36D50AD0-0268-4BFE-B158-42087FFDBB9B}.Release|x86.Build.0 = Release|Win32
		{760FFC6C-4E9B-4CB8-8F46-4DF68A7A44AB}.Debug|x64.ActiveCfg = Debug|x64
		{760FFC6C-4E9B-4CB8-8F46-4DF68A7A44AB}.Debug|x64.Build.0 = Debug|x64
		{760FFC6C-4E9B-4CB8-8F46-4DF68A7A44AB}.Debug|x86.ActiveCfg = Debug|Win32
		{760FFC6C-4E9B-4CB8-8F46-4DF68A7A44AB}.Debug|x86.Build.0 = Debug|Win32
		{760FFC6C-4E9B-4CB8-8F46-4DF68A7A44AB}.Release|x64.ActiveCfg = Release|x64
		{760FFC6C-4E9B-4CB8-8F46-4DF68A7A44AB}.Release|x64.Build.0 = Release|x64
		{760FFC6C-4E9B-4CB8-8F46-4DF68A7A44AB}.Release|x86.ActiveCfg = Release|Win32
		{760FFC6C-4E9B-4CB8-8F46-4DF68A7A44AB}.Release|x86.Build.0 = Release|Win32
		{4D59DD58-752C-4CBA-A1D8-61D18660BD50}.Debug|x64.ActiveCfg = Debug|x64
		{4D59DD58-752C-4CBA-A1D8-61D18660BD50}.Debug|x64.Build.0 = Debug|x64
		{4D59DD58-752C-4CBA-A1D8-61D18660BD50}.Debug|x86.ActiveCfg = Debug|Win32
		{4D59DD58-752C-4CBA-A1D8-61D18660BD50}.Debug|x86.Build.0 = Debug|Win32
		{4D59DD58-752C-4CBA-A1D8-61D18660BD50}.Release|x64.ActiveCfg = Release|x64
		{4D59DD58-752C-4CBA-A1D8-61D18660BD50}.Release|x64.Build.0 = Release|x64
		{4D59DD58-752C-4CBA-A1D8-61D18660BD50}.Release|x86.ActiveCfg = Release|Win32
		{4D59DD58-752C-4CBA-A1D8-61D18660BD50}.Release|x86.Build.0 = Release|Win32
		{C28C0810-9694-4CCC-819A-7C7C16219001}.Debug|x64.ActiveCfg = Debug|x64
		{C28C0810-9694-4CCC-819A-7C7C16219001}.Debug|x64.Build.0 = Debug|x64
		{C28C0810-9694-4CCC-819A-7C7C16219001}.Debug|x86.ActiveCfg = Debug|Win32
		{C28C0810-9694-4CCC-819A-7C7C16219001}.Debug|x86.Build.0 = Debug|Win32
		{C28C0810-9694-4CCC-819A-7C7C16219001}.Release|x64.ActiveCfg = Release|x64
		{C28C0810-9694-4CCC-819A-7C7C16219001}.Release|x64.Build.0 = Release|x64
		{C28C0810-9694-4CCC-819A-7C7C16219001}.Release|x86.ActiveCfg = Release|Win32
		{C28C0810-9694-4CCC-819A-7C7C16219001}.Release|x86.Build.0 = Release|Win32
		{05A2B5DD-4396-48FE-8507-3CBC9507CA85}.Debug|x64.ActiveCfg = Debug|x64
		{05A2B5DD-4396-48FE-8507-3CBC9507CA85}.Debug|x64.Build.0 = Debug|x64
		{05A2B5DD-4396-48FE-8507-3CBC9507CA85}.Debug|x86.ActiveCfg = Debug|Win32
		{05A2B5DD-4396-48FE-8507-3CBC9507CA85}.Debug|x86.Build.0 = Debug|Win32
		{05A2B5DD-4396-48FE-8507-3CBC9507CA85}.Release|x64.ActiveCfg = Release|x64
		{05A2B5DD-4396-48FE-8507-3CBC9507CA85}.Release|x64.Build.0 = Release|x64
		{05A2B5DD-4396-48FE-8507-3CBC9507CA85}.Release|x86.ActiveCfg = Release|Win32
		{05A2B5DD-4396-48FE-8507-3CBC9507CA85}.Release|x86.Build.0 = Release|Win32
		{2E5711DB-4196-40D2-A5D2-9CADCD693F88}.Debug|x64.ActiveCfg = Debug|x64
		{2E5711DB-4196-40D2-A5D2-9CADCD693F88}.Debug|x64.Build.0 = Debug|x64
		{2E5711DB-4196-40D2-A5D2-9CADCD693F88}.Debug|x86.ActiveCfg = Debug|Win32
		{2E5711DB-4196-40D2-A5D2-9CADCD693F88}.Debug|x86.Build.0 = Debug|Win32
		{2E5711DB-4196-40D2-A5D2-9CADCD693F88}.Release|x64.ActiveCfg = Release|x64
		{2E5711DB-4196-40D2-A5D2-9CADCD693F88}.Release|x64.Build.0 = Release|x64
		{2E5711DB-4196-40D2-A5D2-9CADCD693F88}.Release|x86.ActiveCfg = Release|Win32
		{2E5711DB-4196-40D2-A5D2-9CADCD693F88}.Release|x86.Build.0 = Release|Win32
		{D619F0F1-30E5-4598-A097-31AFCD667519}.Debug|x64.ActiveCfg = Debug|x64
		{D619F0F1-30E5-4598-A097-31AFCD667519}.Debug|x64.Build.0 = Debug|x64
		{D619F0F1-30E5-4598-A097-31AFCD667519}.Debug|x86.ActiveCfg = Debug|Win32
		{D619F0F1-30E5-4598-A097-31AFCD667519}.Debug|x86.Build.0 = Debug|Win32
		{D619F0F1-30E5-4598-A097-31AFCD667519}.Release|x64.ActiveCfg = Release|x64
		{D619F0F1-30E5-4598-A097-31AFCD667519}.Release|x64.Build.0 = Release|x64
		{D619F0F1-30E5-4598-A097-31AFCD667519}.Release|x86.ActiveCfg = Release|Win32
		{D619F0F1-30E5-4598-A097-31AFCD667519}.Release|x86.Build.0 = Release|Win32
		{2FEE31E2-4E56-476A-8A75-B896E659A043}.Debug|x64.ActiveCfg = Debug|x64
		{2FEE31E2-4E56-476A-8A75-B896E659A043}.Debug|x64.Build.0 = Debug|x64
		{2FEE31E2-4E56-476A-8A75-B896E659A043}.Debug|x86.ActiveCfg = Debug|Win32
		{2FEE31E2-4E56-476A-8A75-B896E659A043}.Debug|x86.Build.0 = Debug|Win32
		{2FEE31E2-4E56-476A-8A75-B896E659A043}.Release|x64.ActiveCfg = Release|x64
		{2FEE31E2-4E56-476A-8A75-B896E659A043}.Release|x64.Build.0 = Release|x64
		{2FEE31E2-4E56-476A-8A75-B896E659A043}.Release|x86.ActiveCfg = Release|Win32
		{2FEE31E2-4E56-476A-8A75-B896E659A043}.Release|x86.Build.0 = Release|Win32
		{707198DB-A0E6-4CBF-AABD-4566DD1406C7}.Debug|x64.ActiveCfg = Debug|x64
		{707198DB-A0E6-4CBF-AABD-4566DD1406C7}.Debug|x64.Build.0 = Debug|x64
		{707198DB-A0E6-4CBF-AABD-4566DD1406C7}.Debug|x86.ActiveCfg = Debug|Win32
		{707198DB-A0E6-4CBF-AABD-4566DD1406C7}.Debug|x86.Build.0 = Debug|Win32
		{707198DB-A0E6-4CBF-AABD-4566DD1406C7}.Release|x64.ActiveCfg = Release|x64
		{707198DB-A0E6-4CBF-AABD-4566DD1406C7}.Release|x64.Build.0 = Release|x64
		{707198DB-A0E6-4CBF-AABD-4566DD1406C7}.Release|x86.ActiveCfg = Release|Win32
		{707198DB-A0E6-4CBF-AABD-4566DD1406C7}.Release|x86.Build.0 = Release|Win32
		{2DB7C858-5145-453F-83C8-40C4061DA343}.Debug|x64.ActiveCfg = Debug|x64
		{2DB7C858-5145-453F-83C8-40C4061DA343}.Debug|x64.Build.0 = Debug|x64
		{2DB7C858-5145-453F-83C8-40C4061DA343}.Debug|x86.ActiveCfg = Debug|Win32
		{2DB7C858-5145-453F-83C8-40C4061DA343}.Debug|x86.Build.0 = Debug|Win32
		{2DB7C858-5145-453F-83C8-40C4061DA343}.Release|x64.ActiveCfg = Release|x64
		{2DB7C858-5145-453F-83C8-40C4061DA343}.Release|x64.Build.0 = Release|x64
		{2DB7C858-5145-453F-83C8-40C4061DA343}.Release|x86.ActiveCfg = Release|Win32
		{2DB7C858-5145-453F-83C8-40C4061DA343}.Release|x86.Build.0 = Release|Win32
		{C61A86DA-E78E-4918-AC70-738536ACA690}.Debug|x64.ActiveCfg = Debug|x64
		{C61A86DA-E78E-4918-AC70-738536ACA690}.Debug|x64.Build.0 = Debug|x64
		{C61A86DA-E78E-4918-AC70-738536ACA690}.Debug|x86.ActiveCfg = Debug|Win32
		{C61A86DA-E78E-4918-AC70-738536ACA690}.Debug|x86.Build.0 = Debug|Win32
		{C61A86DA-E78E-4918-AC70-738536ACA690}.Release|x64.ActiveCfg = Release|x64
		{C61A86DA-E78E-4918-AC70-738536ACA690}.Release|x64.Build.0 = Release|x64
		{C61A86DA-E78E-4918-AC70-738536ACA690}.Release|x86.ActiveCfg = Release|Win32
		{C61A86DA-E78E-4918-AC70-738536ACA690}.Release|x86.Build.0 = Release|Win32
		{3673631C-5A1E-4367-8A61-B0AB99FD4E19}.Debug|x64.ActiveCfg = Debug|x64
		{3673631C-5A1E-4367-8A61-B0AB99FD4E19}.Debug|x64.Build.0 = Debug|x64
		{3673631C-5A1E-4367-8A61-B0AB99FD4E19}.Debug|x86.ActiveCfg = Debug|Win32
		{3673631C-5A1E-4367-8A61-B0AB99FD4E19}.Debug|x86.Build.0 = Debug|Win32
		{3673631C-5A1E-4367-8A61-B0AB99FD4E19}.Release|x64.ActiveCfg = Release|x64
		{3673631C-5A1E-4367-8A61-B0AB99FD4E19}.Release|x64.Build.0 = Release|x64
		{3673631C-5A1E-4367-8A61-B0AB99FD4E19}.Release|x86.ActiveCfg = Release|Win32
		{3673631C-5A1E-4367-8A61-B0AB99FD4E19}.Release|x86.Build.0 = Release|Win32
		{30C74451-B499-4404-8DF6-234E99076C7D}.Debug|x64.ActiveCfg = Debug|x64
		{30C74451-B499-4404-8DF6-234E99076C7D}.Debug|x64.Build.0 = Debug|x64
		{30C74451-B499-4404-8DF6-234E99076C7D}.Debug|x86.ActiveCfg = Debug|Win32
		{30C74451-B499-4404-8DF6-234E99076C7D}.Debug|x86.Build.0 = Debug|Win32
		{30C74451-B499-4404-8DF6-234E99076C7D}.Release|x64.ActiveCfg = Release|x64
		{30C74451-B499-4404-8DF6-234E99076C7D}.Release|x64.Build.0 = Release|x64
		{30C74451-B499-4404-8DF6-234E99076C7D}.Release|x86.ActiveCfg = Release|Win32
		{30C74451-B499-4404-8DF6-234E99076C7D}.Release|x86.Build.0 = Release|Win32
		{AF9235CD-DE3E-4956-935B-779A14246033}.Debug|x64.ActiveCfg = Debug|x64
		{AF9235CD-DE3E-4956-935B-779A14246033}.Debug|x64.Build.0 = Debug|x64
		{AF9235CD-DE3E-4956-935B-779A14246033}.Debug|x86.ActiveCfg = Debug|Win32
		{AF9235CD-DE3E-4956-935B-779A14246033}.Debug|x86.Build.0 = Debug|Win32
		{AF9235CD-DE3E-4956-935B-779A14246033}.Release|x64.ActiveCfg = Release|x64
		{AF9235CD-DE3E-4956-935B-779A14246033}.Release|x64.Build.0 = Release|x64
		{AF9235CD-DE3E-4956-935B-779A14246033}.Release|x86.ActiveCfg = Release|Win32
		{AF9235CD-DE3E-4956-935B-779A14246033}.Release|x86.Build.0 = Release|Win32
		{F3037695-F2A6-43EC-B268-774D9B48E7FD}.Debug|x64.ActiveCfg = Debug|x64
		{F3037695-F2A6-43EC-B268-774D9B48E7FD}.Debug|x64.Build.0 = Debug|x64
		{F3037695-F2A6-43EC-B268-774D9B48E7FD}.Debug|x86.ActiveCfg = Debug|Win32
		{F3037695-F2A6-43EC-B268-774D9B48E7FD}.Debug|x86.Build.0 = Debug|Win32
		{F3037695-F2A6-43EC-B268-774D9B48E7FD}.Release|x64.ActiveCfg = Release|x64
		{F3037695-F2A6-43EC-B268-774D9B48E7FD}.Release|x64.Build.0 = Release|x64
		{F3037695-F2A6-43EC-B268-774D9B48E7FD}.Release|x86.ActiveCfg = Release|Win32
		{F3037695-F2A6-43EC-B268-774D9B48E7FD}.Release|x86.Build.0 = Release|Win32
		{C8ACCF92-C661-4D96-A24D-A8BA645CA732}.Debug|x64.ActiveCfg = Debug|x64
		{C8ACCF92-C661-4D96-A24D-A8BA645CA732}.Debug|x64.Build.0 = Debug|x64
		{C8ACCF92-C661-4D96-A24D-A8BA645CA732}.Debug|x86.ActiveCfg = Debug|Win32
		{C8ACCF92-C661-4D96-A24D-A8BA645CA732}.Debug|x86.Build.0 = Debug|Win32
		{C8ACCF92-C661-4D96-A24D-A8BA645CA732}.Release|x64.ActiveCfg = Release|x64
		{C8ACCF92-C661-4D96-A24D-A8BA645CA732}.Release|x64.Build.0 = Release|x64
		{C8ACCF92-C661-4D96-A24D-A8BA645CA732}.Release|x86.ActiveCfg = Release|Win32
		{C8ACCF92-C661-4D96-A24D-A8BA645CA732}.Release|x86.Build.0 = Release|Win32
		{D3498DA9-C890-4C0A-92B4-03AA6AE2ECEE}.Debug|x64.ActiveCfg = Debug|x64
		{D3498DA9-C890-4C0A-92B4-03AA6AE2ECEE}.Debug|x64.Build.0 = Debug|x64
		{D3498DA9-C890-4C0A-92B4-03AA6AE2ECEE}.Debug|x86.ActiveCfg = Debug|Win32
		{D3498DA9-C890-4C0A-92B4-03AA6AE2ECEE}.Debug|x86.Build.0 = Debug|Win32
		{D3498DA9-C890-4C0A-92B4-03AA6AE2ECEE}.Release|x64.ActiveCfg = Release|x64
		{D3498DA9-C890-4C0A-92B4-03AA6AE2ECEE}.Release|x64.Build.0 = Release|x64
		{D3498DA9-C890-4C0A-92B4-03AA6AE2ECEE}.Release|x86.ActiveCfg = Release|Win32
		{D3498DA9-C890-4C0A-92B4-03AA6AE2ECEE}.Release|x86.Build.0 = Release|Win32
		{10E294F4-4312-42AE-9ED0-81A0058FF723}.Debug|x64.ActiveCfg = Debug|x64
		{10E294F4-4312-42AE-9ED0-81A0058FF723}.Debug|x64.Build.0 = Debug|x64
		{10E294F4-4312-42AE-9ED0-81A0058FF723}.Debug|x86.ActiveCfg = Debug|Win32
		{10E294F4-4312-42AE-9ED0-81A0058FF723}.Debug|x86.Build.0 = Debug|Win32
		{10E294F4-4312-42AE-9ED0-81A0058FF723}.Release|x64.ActiveCfg = Release|x64
		{10E294F4-4312-42AE-9ED0-81A0058FF723}.Release|x64.Build.0 = Release|x64
		{10E294F4-4312-42AE-9ED0-81A0058FF723}.Release|x86.ActiveCfg = Release|Win32
		{10E294F4-4312-42AE-9ED0-81A0058FF723}.Release|x86.Build.0 = Release|Win32
		{CF9A174C-7617-4DC0-926C-AC7AB57E18C0}.Debug|x64.ActiveCfg = Debug|x64
		{CF9A174C-7617-4DC0-926C-AC7AB57E18C0}.Debug|x64.Build.0 = Debug|x64
		{CF9A174C-7617-4DC0-926C-AC7AB57E18C0}.Debug|x86.ActiveCfg = Debug|Win32
		{CF9A174C-7617-4DC0-926C-AC7AB57E18C0}.Debug|x86.Build.0 = Debug|Win32
		{CF9A174C-7617-4DC0-926C-AC7AB57E18C0}.Release|x64.ActiveCfg = Release|x64
		{CF9A174C-7617-4DC0-926C-AC7AB57E18C0}.Release|x64.Build.0 = Release|x64
		{CF9A174C-7617-4DC0-926C-AC7AB57E18C0}.Release|x86.ActiveCfg = Release|Win32
		{CF9A174C-7617-4DC0-926C-AC7AB57E18C0}.Release|x86.Build.0 = Release|Win32
		{7D1BB4F5-3FE6-48EF-A12D-764EB930AD42}.Debug|x64.ActiveCfg = Debug|x64
		{7D1BB4F5-3FE6-48EF-A12D-764EB930AD42}.Debug|x64.Build.0 = Debug|x64
		{7D1BB4F5-3FE6-48EF-A12D-764EB930AD42}.Debug|x86.ActiveCfg = Debug|Win32
		{7D1BB4F5-3FE6-48EF-A12D-764EB930AD42}.Debug|x86.Build.0 = Debug|Win32
		{7D1BB4F5-3FE6-48EF-A12D-764EB930AD42}.Release|x64.ActiveCfg = Release|x64
		{7D1BB4F5-3FE6-48EF-A12D-764EB930AD42}.Release|x64.Build.0 = Release|x64
		{7D1BB4F5-3FE6-48EF-A12D-764EB930AD42}.Release|x86.ActiveCfg = Release|Win32
		{7D1BB4F5-3FE6-48EF-A12D-764EB930AD42}.Release|x86.Build.0 = Release|Win32
		{9D93FF4F-EF9A-4243-9245-9102FC013F24}.Debug|x64.ActiveCfg = Debug|x64
		{9D93FF4F-EF9A-4243-9245-9102FC013F24}.Debug|x64.Build.0 = Debug|x64
		{9D93FF4F-EF9A-4243-9245-9102FC013F24}.Debug|x86.ActiveCfg = Debug|Win32
		{9D93FF4F-EF9A-4243-9245-9102FC013F24}.Debug|x86.Build.0 = Debug|Win32
		{9D93FF4F-EF9A-4243-9245-9102FC013F24}.Release|x64.ActiveCfg = Release|x64
		{9D93FF4F-EF9A-4243-9245-9102FC013F24}.Release|x64.Build.0 = Release|x64
		{9D93FF4F-EF9A-4243-9245-9102FC013F24}.Release|x86.ActiveCfg = Release|Win32
		{9D93FF4F-EF9A-4243-9245-9102FC013F24}.Release|x86.Build.0 = Release|Win32
		{C104EC38-F375-4994-B558-AA0D880D6EBA}.Debug|x64.ActiveCfg = Debug|x64
		{C104EC38-F375-4994-B558-AA0D880D6EBA}.Debug|x64.Build.0 = Debug|x64
		{C104EC38-F375-4994-B558-AA0D880D6EBA}.Debug|x86.ActiveCfg = Debug|Win32
		{C104EC38-F375-4994-B558-AA0D880D6EBA}.Debug|x86.Build.0 = Debug|Win32
		{C104EC38-F375-4994-B558-AA0D880D6EBA}.Release|x64.ActiveCfg = Release|x64
		{C104EC38-F375-4994-B558-AA0D880D6EBA}.Release|x64.Build.0 = Release|x64
		{C104EC38-F375-4994-B558-AA0D880D6EBA}.Release|x86.ActiveCfg = Release|Win32
		{C104EC38-F375-4994-B558-AA0D880D6EBA}.Release|x86.Build.0 = Release|Win32
		{237868AE-E628-4915-9089-4FE3664F86A0}.Debug|x64.ActiveCfg = Debug|x64
		{237868AE-E628-4915-9089-4FE3664F86A0}.Debug|x64.Build.0 = Debug|x64
		{237868AE-E628-4915-9089-4FE3664F86A0}.Debug|x86.ActiveCfg = Debug|Win32
		{237868AE-E628-4915-9089-4FE3664F86A0}.Debug|x86.Build.0 = Debug|Win32
		{237868AE-E628-4915-9089-4FE3664F86A0}.Release|x64.ActiveCfg = Release|x64
		{237868AE-E628-4915-9089-4FE3664F86A0}.Release|x64.Build.0 = Release|x64
		{237868AE-E628-4915-9089-4FE3664F86A0}.Release|x86.ActiveCfg = Release|Win32
		{237868AE-E628-4915-9089-4FE3664F86A0}.Release|x86.Build.0 = Release|Win32
		{C584EF38-0B6B-4A16-A058-8C6288AC2301}.Debug|x64.ActiveCfg = Debug|x64
		{C584EF38-0B6B-4A16-A058-8C6288AC2301}.Debug|x64.Build.0 = Debug|x64
		{C584EF38-0B6B-4A16-A058-8C6288AC2301}.Debug|x86.ActiveCfg = Debug|Win32
		{C584EF38-0B6B-4A16-A058-8C6288AC2301}.Debug|x86.Build.0 = Debug|Win32
		{C584EF38-0B6B-4A16-A058-8C6288AC2301}.Release|x64.ActiveCfg = Release|x64
		{C584EF38-0B6B-4A16-A058-8C6288AC2301}.Release|x64.Build.0 = Release|x64
		{C584EF38-0B6B-4A16-A058-8C6288AC2301}.Release|x86.ActiveCfg = Release|Win32
		{C584EF38-0B6B-4A16-A058-8C6288AC2301}.Release|x86.Build.0 = Release|Win32
		{284C5158-A5D0-4004-B82C-661B7DC833BD}.Debug|x64.ActiveCfg = Debug|x64
		{284C5158-A5D0-4004-B82C-661B7DC833BD}.Debug|x64.Build.0 = Debug|x64
		{284C5158-A5D0-4004-B82C-661B7DC833BD}.Debug|x86.ActiveCfg = Debug|Win32
		{284C5158-A5D0-4004-B82C-661B7DC833BD}.Debug|x86.Build.0 = Debug|Win32
		{284C5158-A5D0-4004-B82C-661B7DC833BD}.Release|x64.ActiveCfg = Release|x64
		{284C5158-A5D0-4004-B82C-661B7DC833BD}.Release|x64.Build.0 = Release|x64
		{284C5158-A5D0-4004-B82C-661B7DC833BD}.Release|x86.ActiveCfg = Release|Win32
		{284C5158-A5D0-4004-B82C-661B7DC833BD}.Release|x86.Build.0 = Release|Win32
		{DB902DCF-0877-45A4-B965-EAFDE4D9B024}.Debug|x64.ActiveCfg = Debug|x64
		{DB902DCF-0877-45A4-B965-EAFDE4D9B024}.Debug|x64.Build.0 = Debug|x64
		{DB902DCF-0877-45A4-B965-EAFDE4D9B024}.Debug|x86.ActiveCfg = Debug|Win32
		{DB902DCF-0877-45A4-B965-EAFDE4D9B024}.Debug|x86.Build.0 = Debug|Win32
		{DB902DCF-0877-45A4-B965-EAFDE4D9B024}.Release|x64.ActiveCfg = Release|x64
		{DB902DCF-0877-45A4-B965-EAFDE4D9B024}.Release|x64.Build.0 = Release|x64
		{DB902DCF-0877-45A4-B965-EAFDE4D9B024}.Release|x86.ActiveCfg = Release|Win32
		{DB902DCF-0877-45A4-B965-EAFDE4D9B024}.Release|x86.Build.0 = Release|Win32
		{50D99B17-9E5D-403F-9F88-2901394FA0B1}.Debug|x64.ActiveCfg = Debug|x64
		{50D99B17-9E5D-403F-9F88-2901394FA0B1}.Debug|x64.Build.0 = Debug|x64
		{50D99B17-9E5D-403F-9F88-2901394FA0B1}.Debug|x86.ActiveCfg = Debug|Win32
		{50D99B17-9E5D-403F-9F88-2901394FA0B1}.Debug|x86.Build.0 = Debug|Win32
		{50D99B17-9E5D-403F-9F88-2901394FA0B1}.Release|x64.ActiveCfg = Release|x64
		{50D99B17-9E5D-403F-9F88-2901394FA0B1}.Release|x64.Build.0 = Release|x64
		{50D99B17-9E5D-403F-9F88-2901394FA0B1}.Release|x86.ActiveCfg = Release|Win32
		{50D99B17-9E5D-403F-9F88-2901394FA0B1}.Release|x86.Build.0 = Release|Win32
		{AF92D525-DC9D-48EB-A93F-415358D8B6D6}.Debug|x64.ActiveCfg = Debug|x64
		{AF92D525-DC9D-48EB-A93F-415358D8B6D6}.Debug|x64.Build.0 = Debug|x64
		{AF92D525-DC9D-48EB-A93F-415358D8B6D6}.Debug|x86.ActiveCfg = Debug|Win32
		{AF92D525-DC9D-48EB-A93F-415358D8B6D6}.Debug|x86.Build.0 = Debug|Win32
		{AF92D525-DC9D-48EB-A93F-415358D8B6D6}.Release|x64.ActiveCfg = Release|x64
		{AF92D525-DC9D-48EB-A93F-415358D8B6D6}.Release|x64.Build.0 = Release|x64
		{AF92D525-DC9D-48EB-A93F-415358D8B6D6}.Release|x86.ActiveCfg = Release|Win32
		{AF92D525-DC9D-48EB-A93F-415358D8B6D6}.Release|x86.Build.0 = Release|Win32
		{C993C079-ED39-4209-B6B9-97CAD32519F8}.Debug|x64.ActiveCfg = Debug|x64
		{C993C079-ED39-4209-B6B9-97CAD32519F8}.Debug|x64.Build.0 = Debug|x64
		{C993C079-ED39-4209-B6B9-97CAD32519F8}.Debug|x86.ActiveCfg = Debug|Win32
		{C993C079-ED39-4209-B6B9-97CAD32519F8}.Debug|x86.Build.0 = Debug|Win32
		{C993C079-ED39-4209-B6B9-97CAD32519F8}.Release|x64.ActiveCfg = Release|x64
		{C993C079-ED39-4209-B6B9-97CAD32519F8}.Release|x64.Build.0 = Release|x64
		{C993C079-ED39-4209-B6B9-97CAD32519F8}.Release|x86.ActiveCfg = Release|Win32
		{C993C079-ED39-4209-B6B9-97CAD32519F8}.Release|x86.Build.0 = Release|Win32
		{91BCAEA1-4C40-4538-A7A6-63FB51BBCE62}.Debug|x64.ActiveCfg = Debug|x64
		{91BCAEA1-4C40-4538-A7A6-63FB51BBCE62}.Debug|x64.Build.0 = Debug|x64
		{91BCAEA1-4C40-4538-A7A6-63FB51BBCE62}.Debug|x86.ActiveCfg = Debug|Win32
		{91BCAEA1-4C40-4538-A7A6-63FB51BBCE62}.Debug|x86.Build.0 = Debug|Win32
		{91BCAEA1-4C40-4538-A7A6-63FB51BBCE62}.Release|x64.ActiveCfg = Release|x64
		{91BCAEA1-4C40-4538-A7A6-63FB51BBCE62}.Release|x64.Build.0 = Release|x64
		{91BCAEA1-4C40-4538-A7A6-63FB51BBCE62}.Release|x86.ActiveCfg = Release|Win32
		{91BCAEA1-4C40-4538-A7A6-63FB51BBCE62}.Release|x86.Build.0 = Release|Win32
		{9F565695-4AB8-4AE9-B42D-10985EF440B7}.Debug|x64.ActiveCfg = Debug|x64
		{9F565695-4AB8-4AE9-B42D-10985EF440B7}.Debug|x64.Build.0 = Debug|x64
		{9F565695-4AB8-4AE9-B42D-10985EF440B7}.Debug|x86.ActiveCfg = Debug|Win32
		{9F565695-4AB8-4AE9-B42D-10985EF440B7}.Debug|x86.Build.0 = Debug|Win32
		{9F565695-4AB8-4AE9-B42D-10985EF440B7}.Release|x64.ActiveCfg = Release|x64
		{9F565695-4AB8-4AE9-B42D-10985EF440B7}.Release|x64.Build.0 = Release|x64
		{9F565695-4AB8-4AE9-B42D-10985EF440B7}.Release|x86.ActiveCfg = Release|Win32
		{9F565695-4AB8-4AE9-B42D-10985EF440B7}.Release|x86.Build.0 = Release|Win32
		{AE9D1D86-EC45-4F32-A54A-F7C89CB2D9EF}.Debug|x64.ActiveCfg = Debug|x64
		{AE9D1D86-EC45-4F32-A54A-F7C89CB2D9EF}.Debug|x64.Build.0 = Debug|x64
		{AE9D1D86-EC45-4F32-A54A-F7C89CB2D9EF}.Debug|x86.ActiveCfg = Debug|Win32
		{AE9D1D86-EC45-4F32-A54A-F7C89CB2D9EF}.Debug|x86.Build.0 = Debug|Win32
		{AE9D1D86-EC45-4F32-A54A-F7C89CB2D9EF}.Release|x64.ActiveCfg = Release|x64
		{AE9D1D86-EC45-4F32-A54A-F7C89CB2D9EF}.Release|x64.Build.0 = Release|x64
		{AE9D1D86-EC45-4F32-A54A-F7C89CB2D9EF}.Release|x86.ActiveCfg = Release|Win32
		{AE9D1D86-EC45-4F32-A54A-F7C89CB2D9EF}.Release|x86.Build.0 = Release|Win32
		{A9CAD14B-C3E7-4100-AA9A-304491E0FCAF}.Debug|x64.ActiveCfg = Debug|x64
		{A9CAD14B-C3E7-4100-AA9A-304491E0FCAF}.Debug|x64.Build.0 = Debug|x64
		{A9CAD14B-C3E7-4100-AA9A-304491E0FCAF}.Debug|x86.ActiveCfg = Debug|Win32
		{A9CAD14B-C3E7-4100-AA9A-304491E0FCAF}.Debug|x86.Build.0 = Debug|Win32
		{A9CAD14B-C3E7-4100-AA9A-304491E0FCAF}.Release|x64.ActiveCfg = Release|x64
		{A9CAD14B-C3E7-4100-AA9A-304491E0FCAF}.Release|x64.Build.0 = Release|x64
		{A9CAD14B-C3E7-4100-AA9A-304491E0FCAF}.Release|x86.ActiveCfg = Release|Win32
		{A9CAD14B-C3E7-4100-AA9A-304491E0FCAF}.Release|x86.Build.0 = Release|Win32
		{DF70AB01-5BD1-4EC7-9C8F-D191B94F6D17}.Debug|x64.ActiveCfg = Debug|x64
		{DF70AB01-5BD1-4EC7-9C8F-D191B94F6D17}.Debug|x64.Build.0 = Debug|x64
		{DF70AB01-5BD1-4EC7-9C8F-D191B94F6D17}.Debug|x86.ActiveCfg = Debug|Win32
		{DF70AB01-5BD1-4EC7-9C8F-D191B94F6D17}.Debug|x86.Build.0 = Debug|Win32
		{DF70AB01-5BD1-4EC7-9C8F-D191B94F6D17}.Release|x64.ActiveCfg = Release|x64
		{DF70AB01-5BD1-4EC7-9C8F-D191B94F6D17}.Release|x64.Build.0 = Release|x64
		{DF70AB01-5BD1-4EC7-9C8F-D191B94F6D17}.Release|x86.ActiveCfg = Release|Win32
		{DF70AB01-5BD1-4EC7-9C8F-D191B94F6D17}.Release|x86.Build.0 = Release|Win32
		{C2BC0888-200D-48B3-B44A-E0672137C8E9}.Debug|x64.ActiveCfg = Debug|x64
		{C2BC0888-200D-48B3-B44A-E0672137C8E9}.Debug|x64.Build.0 = Debug|x64
		{C2BC0888-200D-48B3-B44A-E0672137C8E9}.Debug|x86.ActiveCfg = Debug|Win32
		{C2BC0888-200D-48B3-B44A-E0672137C8E9}.Debug|x86.Build.0 = Debug|Win32
		{C2BC0888-200D-48B3-B44A-E0672137C8E9}.Release|x64.ActiveCfg = Release|x64
		{C2BC0888-200D-48B3-B44A-E0672137C8E9}.Release|x64.Build.0 = Release|x64
		{C2BC0888-200D-48B3-B44A-E0672137C8E9}.Release|x86.ActiveCfg = Release|Win32
		{C2BC0888-200D-48B3-B44A-E0672137C8E9}.Release|x86.Build.0 = Release|Win32
		{FD3D80A3-395E-471A-96F3-26E963B95431}.Debug|x64.ActiveCfg = Debug|x64
		{FD3D80A3-395E-471A-96F3-26E963B95431}.Debug|x64.Build.0 = Debug|x64
		{FD3D80A3-395E-471A-96F3-26E963B95431}.Debug|x86.ActiveCfg = Debug|Win32
		{FD3D80A3-395E-471A-96F3-26E963B95431}.Debug|x86.Build.0 = Debug|Win32
		{FD3D80A3-395E-471A-96F3-26E963B95431}.Release|x64.ActiveCfg = Release|x64
		{FD3D80A3-395E-471A-96F3-26E963B95431}.Release|x64.Build.0 = Release|x64
		{FD3D80A3-395E-471A-96F3-26E963B95431}.Release|x86.ActiveCfg = Release|Win32
		{FD3D80A3-395E-471A-96F3-26E963B95431}.Release|x86.Build.0 = Release|Win32
		{D052D969-7342-490A-81EC-FF06C2786793}.Debug|x64.ActiveCfg = Debug|x64
		{D052D969-7342-490A-81EC-FF06C2786793}.Debug|x64.Build.0 = Debug|x64
		{D052D969-7342-490A-81EC-FF06C2786793}.Debug|x86.ActiveCfg = Debug|Win32
		{D052D969-7342-490A-81EC-FF06C2786793}.Debug|x86.Build.0 = Debug|Win32
		{D052D969-7342-490A-81EC-FF06C2786793}.Release|x64.ActiveCfg = Release|x64
		{D052D969-7342-490A-81EC-FF06C2786793}.Release|x64.Build.0 = Release|x64
		{D052D969-7342-490A-81EC-FF06C2786793}.Release|x86.ActiveCfg = Release|Win32
		{D052D969-7342-490A-81EC-FF06C2786793}.Release|x86.Build.0 = Release|Win32
		{96AAA8E2-81D2-4B7D-8F8D-9CF30CA0839D}.Debug|x64.ActiveCfg = Debug|x64
		{96AAA8E2-81D2-4B7D-8F8D-9CF30CA0839D}.Debug|x64.Build.0 = Debug|x64
		{96AAA8E2-81D2-4B7D-8F8D-9CF30CA0839D}.Debug|x86.ActiveCfg = Debug|Win32
		{96AAA8E2-81D2-4B7D-8F8D-9CF30CA0839D}.Debug|x86.Build.0 = Debug|Win32
		{96AAA8E2-81D2-4B7D-8F8D-9CF30CA0839D}.Release|x64.ActiveCfg = Release|x64
		{96AAA8E2-81D2-4B7D-8F8D-9CF30CA0839D}.Release|x64.Build.0 = Release|x64
		{96AAA8E2-81D2-4B7D-8F8D-9CF30CA0839D}.Release|x86.ActiveCfg = Release|Win32
		{96AAA8E2-81D2-4B7D-8F8D-9CF30CA0839D}.Release|x86.Build.0 = Release|Win32
		{0E98D8B2-EB10-44D1-9DC1-4206E8BC8392}.Debug|x64.ActiveCfg = Debug|x64
		{0E98D8B2-EB10-44D1-9DC1-4206E8BC8392}.Debug|x64.Build.0 = Debug|x64
		{0E98D8B2-EB10-44D1-9DC1-4206E8BC8392}.Debug|x86.ActiveCfg = Debug|Win32
		{0E98D8B2-EB10-44D1-9DC1-4206E8BC8392}.Debug|x86.Build.0 = Debug|Win32
		{0E98D8B2-EB10-44D1-9DC1-4206E8BC8392}.Release|x64.ActiveCfg = Release|x64
		{0E98D8B2-EB10-44D1-9DC1-4206E8BC8392}.Release|x64.Build.0 = Release|x64
		{0E98D8B2-EB10-44D1-9DC1-4206E8BC8392}.Release|x86.ActiveCfg = Release|Win32
		{0E98D8B2-EB10-44D1-9DC1-4206E8BC8392}.Release|x86.Build.0 = Release|Win32
		{9DE5F1E8-E29E-4180-A41A-28FA29633BCE}.Debug|x64.ActiveCfg = Debug|x64
		{9DE5F1E8-E29E-4180-A41A-28FA29633BCE}.Debug|x64.Build.0 = Debug|x64
		{9DE5F1E8-E29E-4180-A41A-28FA29633BCE}.Debug|x86.ActiveCfg = Debug|Win32
		{9DE5F1E8-E29E-4180-A41A-28FA29633BCE}.Debug|x86.Build.0 = Debug|Win32
		{9DE5F1E8-E29E-4180-A41A-28FA29633BCE}.Release|x64.ActiveCfg = Release|x64
		{9DE5F1E8-E29E-4180-A41A-28FA29633BCE}.Release|x64.Build.0 = Release|x64
		{9DE5F1E8-E29E-4180-A41A-28FA29633BCE}.Release|x86.ActiveCfg = Release|Win32
		{9DE5F1E8-E29E-4180-A41A-28FA29633BCE}.Release|x86.Build.0 = Release|Win32
		{3BF95FE1-E93F-453A-BB76-B60556A2578B}.Debug|x64.ActiveCfg = Debug|x64
		{3BF95FE1-E93F-453A-BB76-B60556A2578B}.Debug|x64.Build.0 = Debug|x64
		{3BF95FE1-E93F-453A-BB76-B60556A2578B}.Debug|x86.ActiveCfg = Debug|Win32
		{3BF95FE1-E93F-453A-BB76-B60556A2578B}.Debug|x86.Build.0 = Debug|Win32
		{3BF95FE1-E93F-453A-BB76-B60556A2578B}.Release|x64.ActiveCfg = Release|x64
		{3BF95FE1-E93F-453A-BB76-B60556A2578B}.Release|x64.Build.0 = Release|x64
		{3BF95FE1-E93F-453A-BB76-B60556A2578B}.Release|x86.ActiveCfg = Release|Win32
		{3BF95FE1-E93F-453A-BB76-B60556A2578B}.Release|x86.Build.0 = Release|Win32
		{01C38BCB-21C9-4FF2-8801-1E1FAA425155}.Debug|x64.ActiveCfg = Debug|x64
		{01C38BCB-21C9-4FF2-8801-1E1FAA425155}.Debug|x64.Build.0 = Debug|x64
		{01C38BCB-21C9-4FF2-8801-1E1FAA425155}.Debug|x86.ActiveCfg = Debug|Win32
		{01C38BCB-21C9-4FF2-8801-1E1FAA425155}.Debug|x86.Build.0 = Debug|Win32
		{01C38BCB-21C9-4FF2-8801-1E1FAA425155}.Release|x64.ActiveCfg = Release|x64
		{01C38BCB-21C9-4FF2-8801-1E1FAA425155}.Release|x64.Build.0 = Release|x64
		{01C38BCB-21C9-4FF2-8801-1E1FAA425155}.Release|x86.ActiveCfg = Release|Win32
		{01C38BCB-21C9-4FF2-8801-1E1FAA425155}.Release|x86.Build.0 = Release|Win32
		{7C26C1B8-80FF-40D8-B962-20377F3B4AA9}.Debug|x64.ActiveCfg = Debug|x64
		{7C26C1B8-80FF-40D8-B962-20377F3B4AA9}.Debug|x64.Build.0 = Debug|x64
		{7C26C1B8-80FF-40D8-B962-20377F3B4AA9}.Debug|x86.ActiveCfg = Debug|Win32
		{7C26C1B8-80FF-40D8-B962-20377F3B4AA9}.Debug|x86.Build.0 = Debug|Win32
		{7C26C1B8-80FF-40D8-B962-20377F3B4AA9}.Release|x64.ActiveCfg = Release|x64
		{7C26C1B8-80FF-40D8-B962-20377F3B4AA9}.Release|x64.Build.0 = Release|x64
		{7C26C1B8-80FF-40D8-B962-20377F3B4AA9}.Release|x86.ActiveCfg = Release|Win32
		{7C26C1B8-80FF-40D8-B962-20377F3B4AA9}.Release|x86.Build.0 = Release|Win32
		{E043CE4E-BF20-49BF-AB71-F2E2EF22D6C8}.Debug|x64.ActiveCfg = Debug|x64
		{E043CE4E-BF20-49BF-AB71-F2E2EF22D6C8}.Debug|x64.Build.0 = Debug|x64
		{E043CE4E-BF20-49BF-AB71-F2E2EF22D6C8}.Debug|x86.ActiveCfg = Debug|Win32
		{E043CE4E-BF20-49BF-AB71-F2E2EF22D6C8}.Debug|x86.Build.0 = Debug|Win32
		{E043CE4E-BF20-49BF-AB71-F2E2EF22D6C8}.Release|x64.ActiveCfg = Release|x64
		{E043CE4E-BF20-49BF-AB71-F2E2EF22D6C8}.Release|x64.Build.0 = Release|x64
		{E043CE4E-BF20-49BF-AB71-F2E2EF22D6C8}.Release|x86.ActiveCfg = Release|Win32
		{E043CE4E-BF20-49BF-AB71-F2E2EF22D6C8}.Release|x86.Build.0 = Release|Win32
		{9C75194A-43AE-46EC-9C2B-5DF57F7B0379}.Debug|x64.ActiveCfg = Debug|x64
		{9C75194A-43AE-46EC-9C2B-5DF57F7B0379}.Debug|x64.Build.0 = Debug|x64
		{9C75194A-43AE-46EC-9C2B-5DF57F7B0379}.Debug|x86.ActiveCfg = Debug|Win32
		{9C75194A-43AE-46EC-9C2B-5DF57F7B0379}.Debug|x86.Build.0 = Debug|Win32
		{9C75194A-43AE-46EC-9C2B-5DF57F7B0379}.Release|x64.ActiveCfg = Release|x64
		{9C75194A-43AE-46EC-9C2B-5DF57F7B0379}.Release|x64.Build.0 = Release|x64
		{9C75194A-43AE-46EC-9C2B-5DF57F7B0379}.Release|x86.ActiveCfg = Release|Win32
		{9C75194A-43AE-46EC-9C2B-5DF57F7B0379}.Release|x86.Build.0 = Release|Win32
		{0FB7C079-2DA1-4EC0-A097-8CEF7CEE4D66}.Debug|x64.ActiveCfg = Debug|x64
		{0FB7C079-2DA1-4EC0-A097-8CEF7CEE4D66}.Debug|x64.Build.0 = Debug|x64
		{0FB7C079-2DA1-4EC0-A097-8CEF7CEE4D66}.Debug|x86.ActiveCfg = Debug|Win32
		{0FB7C079-2DA1-4EC0-A097-8CEF7CEE4D66}.Debug|x86.Build.0 = Debug|Win32
		{0FB7C079-2DA1-4EC0-A097-8CEF7CEE4D66}.Release|x64.ActiveCfg = Release|x64
		{0FB7C079-2DA1-4EC0-A097-8CEF7CEE4D66}.Release|x64.Build.0 = Release|x64
		{0FB7C079-2DA1-4EC0-A097-8CEF7CEE4D66}.Release|x86.ActiveCfg = Release|Win32
		{0FB7C079-2DA1-4EC0-A097-8CEF7CEE4D66}.Release|x86.Build.0 = Release|Win32
		{7B2618A3-2089-40A6-AE5D-A42ED713DB4C}.Debug|x64.ActiveCfg = Debug|x64
		{7B2618A3-2089-40A6-AE5D-A42ED713DB4C}.Debug|x64.Build.0 = Debug|x64
		{7B2618A3-2089-40A6-AE5D-A42ED713DB4C}.Debug|x86.ActiveCfg = Debug|Win32
		{7B2618A3-2089-40A6-AE5D-A42ED713DB4C}.Debug|x86.Build.0 = Debug|Win32
		{7B2618A3-2089-40A6-AE5D-A42ED713DB4C}.Release|x64.ActiveCfg = Release|x64
		{7B2618A3-2089-40A6-AE5D-A42ED713DB4C}.Release|x64.Build.0 = Release|x64
		{7B2618A3-2089-40A6-AE5D-A42ED713DB4C}.Release|x86.ActiveCfg = Release|Win32
		{7B2618A3-2089-40A6-AE5D-A42ED713DB4C}.Release|x86.Build.0 = Release|Win32
		{78B83A7E-81F7-4AD1-9CBA-44A5025274CE}.Debug|x64.ActiveCfg = Debug|x64
		{78B83A7E-81F7-4AD1-9CBA-44A5025274CE}.Debug|x64.Build.0 = Debug|x64
		{78B83A7E-81F7-4AD1-9CBA-44A5025274CE}.Debug|x86.ActiveCfg = Debug|Win32
		{78B83A7E-81F7-4AD1-9CBA-44A5025274CE}.Debug|x86.Build.0 = Debug|Win32
		{78B83A7E-81F7-4AD1-9CBA-44A5025274CE}.Release|x64.ActiveCfg = Release|x64
		{78B83A7E-81F7-4AD1-9CBA-44A5025274CE}.Release|x64.Build.0 = Release|x64
		{78B83A7E-81F7-4AD1-9CBA-44A5025274CE}.Release|x86.ActiveCfg = Release|Win32
		{78B83A7E-81F7-4AD1-9CBA-44A5025274CE}.Release|x86.Build.0 = Release|Win32
		{C59BB1AD-0792-463D-BCA3-613292D0E6A3}.Debug|x64.ActiveCfg = Debug|x64
		{C59BB1AD-0792-463D-BCA3-613292D0E6A3}.Debug|x64.Build.0 = Debug|x64
		{C59BB1AD-0792-463D-BCA3-613292D0E6A3}.Debug|x86.ActiveCfg = Debug|Win32
		{C59BB1AD-0792-463D-BCA3-613292D0E6A3}.Debug|x86.Build.0 = Debug|Win32
		{C59BB1AD-0792-463D-BCA3-613292D0E6A3}.Release|x64.ActiveCfg = Release|x64
		{C59BB1AD-0792-463D-BCA3-613292D0E6A3}.Release|x64.Build.0 = Release|x64
		{C59BB1AD-0792-463D-BCA3-613292D0E6A3}.Release|x86.ActiveCfg = Release|Win32
		{C59BB1AD-0792-463D-BCA3-613292D0E6A3}.Release|x86.Build.0 = Release|Win32
		{250EADD1-A0B2-49E6-A498-B73B7DA066E6}.Debug|x64.ActiveCfg = Debug|x64
		{250EADD1-A0B2-49E6-A498-B73B7DA066E6}.Debug|x64.Build.0 = Debug|x64
		{250EADD1-A0B2-49E6-A498-B73B7DA066E6}.Debug|x86.ActiveCfg = Debug|Win32
		{250EADD1-A0B2-49E6-A498-B73B7DA066E6}.Debug|x86.Build.0 = Debug|Win32
		{250EADD1-A0B2-49E6-A498-B73B7DA066E6}.Release|x64.ActiveCfg = Release|x64
		{250EADD1-A0B2-49E6-A498-B73B7DA066E6}.Release|x64.Build.0 = Release|x64
		{250EADD1-A0B2-49E6-A498-B73B7DA066E6}.Release|x86.ActiveCfg = Release|Win32
		{250EADD1-A0B2-49E6-A498-B73B7DA066E6}.Release|x86.Build.0 = Release|Win32
		{E865DC8C-F2BE-4B74-8CEB-2E0C315BC32B}.Debug|x64.ActiveCfg = Debug|x64
		{E865DC8C-F2BE-4B74-8CEB-2E0C315BC32B}.Debug|x64.Build.0 = Debug|x64
		{E865DC8C-F2BE-4B74-8CEB-2E0C315BC32B}.Debug|x86.ActiveCfg = Debug|Win32
		{E865DC8C-F2BE-4B74-8CEB-2E0C315BC32B}.Debug|x86.Build.0 = Debug|Win32
		{E865DC8C-F2BE-4B74-8CEB-2E0C315BC32B}.Release|x64.ActiveCfg = Release|x64
		{E865DC8C-F2BE-4B74-8CEB-2E0C315BC32B}.Release|x64.Build.0 = Release|x64
		{E865DC8C-F2BE-4B74-8CEB-2E0C315BC32B}.Release|x86.ActiveCfg = Release|Win32
		{E865DC8C-F2BE-4B74-8CEB-2E0C315BC32B}.Release|x86.Build.0 = Release|Win32
		{D14D1411-B0B7-46AE-8CE8-EE18A9CC0996}.Debug|x64.ActiveCfg = Debug|x64
		{D14D1411-B0B7-46AE-8CE8-EE18A9CC0996}.Debug|x64.Build.0 = Debug|x64
		{D14D1411-B0B7-46AE-8CE8-EE18A9CC0996}.Debug|x86.ActiveCfg = Debug|Win32
		{D14D1411-B0B7-46AE-8CE8-EE18A9CC0996}.Debug|x86.Build.0 = Debug|Win32
		{D14D1411-B0B7-46AE-8CE8-EE18A9CC0996}.Release|x64.ActiveCfg = Release|x64
		{D14D1411-B0B7-46AE-8CE8-EE18A9CC0996}.Release|x64.Build.0 = Release|x64
		{D14D1411-B0B7-46AE-8CE8-EE18A9CC0996}.Release|x86.ActiveCfg = Release|Win32
		{D14D1411-B0B7-46AE-8CE8-EE18A9CC0996}.Release|x86.Build.0 = Release|Win32
		{DDD22FFC-5859-4BF9-9A8D-45AC086DAB2C}.Debug|x64.ActiveCfg = Debug|x64
		{DDD22FFC-5859-4BF9-9A8D-45AC086DAB2C}.Debug|x64.Build.0 = Debug|x64
		{DDD22FFC-5859-4BF9-9A8D-45AC086DAB2C}.Debug|x86.ActiveCfg = Debug|Win32
		{DDD22FFC-5859-4BF9-9A8D-45AC086DAB2C}.Debug|x86.Build.0 = Debug|Win32
		{DDD22FFC-5859-4BF9-9A8D-45AC086DAB2C}.Release|x64.ActiveCfg = Release|x64
		{DDD22FFC-5859-4BF9-9A8D-45AC086DAB2C}.Release|x64.Build.0 = Release|x64
		{DDD22FFC-5859-4BF9-9A8D-45AC086DAB2C}.Release|x86.ActiveCfg = Release|Win32
		{DDD22FFC-5859-4BF9-9A8D-45AC086DAB2C}.Release|x86.Build.0 = Release|Win32
		{CBE6B5FD-A4DD-4988-8E6C-2412D2C6488A}.Debug|x64.ActiveCfg = Debug|x64
		{CBE6B5FD-A4DD-4988-8E6C-2412D2C6488A}.Debug|x64.Build.0 = Debug|x64
		{CBE6B5FD-A4DD-4988-8E6C-2412D2C6488A}.Debug|x86.ActiveCfg = Debug|Win32
		{CBE6B5FD-A4DD-4988-8E6C-2412D2C6488A}.Debug|x86.Build.0 = Debug|Win32
		{CBE6B5FD-A4DD-4988-8E6C-2412D2C6488A}.Release|x64.ActiveCfg = Release|x64
		{CBE6B5FD-A4DD-4988-8E6C-2412D2C6488A}.Release|x64.Build.0 = Release|x64
		{CBE6B5FD-A4DD-4988-8E6C-2412D2C6488A}.Release|x86.ActiveCfg = Release|Win32
		{CBE6B5FD-A4DD-4988-8E6C-2412D2C6488A}.Release|x86.Build.0 = Release|Win32
		{4927762C-4479-4C7E-A56C-7D506B79395B}.Debug|x64.ActiveCfg = Debug|x64
		{4927762C-4479-4C7E-A56C-7D506B79395B}.Debug|x64.Build.0 = Debug|x64
		{4927762C-4479-4C7E-A56C-7D506B79395B}.Debug|x86.ActiveCfg = Debug|Win32
		{4927762C-4479-4C7E-A56C-7D506B79395B}.Debug|x86.Build.0 = Debug|Win32
		{4927762C-4479-4C7E-A56C-7D506B79395B}.Release|x64.ActiveCfg = Release|x64
		{4927762C-4479-4C7E-A56C-7D506B79395B}.Release|x64.Build.0 = Release|x64
		{4927762C-4479-4C7E-A56C-7D506B79395B}.Release|x86.ActiveCfg = Release|Win32
		{4927762C-4479-4C7E-A56C-7D506B79395B}.Release|x86.Build.0 = Release|Win32
		{851123C4-9123-4A8C-9F94-CE06F3465134}.Debug|x64.ActiveCfg = Debug|x64
		{851123C4-9123-4A8C-9F94-CE06F3465134}.Debug|x64.Build.0 = Debug|x64
		{851123C4-9123-4A8C-9F94-CE06F3465134}.Debug|x86.ActiveCfg = Debug|Win32
		{851123C4-9123-4A8C-9F94-CE06F3465134}.Debug|x86.Build.0 = Debug|Win32
		{851123C4-9123-4A8C-9F94-CE06F3465134}.Release|x64.ActiveCfg = Release|x64
		{851123C4-9123-4A8C-9F94-CE06F3465134}.Release|x64.Build.0 = Release|x64
		{851123C4-9123-4A8C-9F94-CE06F3465134}.Release|x86.ActiveCfg = Release|Win32
		{851123C4-9123-4A8C-9F94-CE06F3465134}.Release|x86.Build.0 = Release|Win32
		{0923B75B-B4CD-46B5-95E0-587643820AAD}.Debug|x64.ActiveCfg = Debug|x64
		{0923B75B-B4CD-46B5-95E0-587643820AAD}.Debug|x64.Build.0 = Debug|x64
		{0923B75B-B4CD-46B5-95E0-587643820AAD}.Debug|x86.ActiveCfg = Debug|Win32
		{0923B75B-B4CD-46B5-95E0-587643820AAD}.Debug|x86.Build.0 = Debug|Win32
		{0923B75B-B4CD-46B5-95E0-587643820AAD}.Release|x64.ActiveCfg = Release|x64
		{0923B75B-B4CD-46B5-95E0-587643820AAD}.Release|x64.Build.0 = Release|x64
		{0923B75B-B4CD-46B5-95E0-587643820AAD}.Release|x86.ActiveCfg = Release|Win32
		{0923B75B-B4CD-46B5-95E0-587643820AAD}.Release|x86.Build.0 = Release|Win32
		{5155F6EF-B832-459C-BC06-AEC877166CBD}.Debug|x64.ActiveCfg = Debug|x64
		{5155F6EF-B832-459C-BC06-AEC877166CBD}.Debug|x64.Build.0 = Debug|x64
		{5155F6EF-B832-459C-BC06-AEC877166CBD}.Debug|x86.ActiveCfg = Debug|Win32
		{5155F6EF-B832-459C-BC06-AEC877166CBD}.Debug|x86.Build.0 = Debug|Win32
		{5155F6EF-B832-459C-BC06-AEC877166CBD}.Release|x64.ActiveCfg = Release|x64
		{5155F6EF-B832-459C-BC06-AEC877166CBD}.Release|x64.Build.0 = Release|x64
		{5155F6EF-B832-459C-BC06-AEC877166CBD}.Release|x86.ActiveCfg = Release|Win32
		{5155F6EF-B832-459C-BC06-AEC877166CBD}.Release|x86.Build.0 = Release|Win32
		{5CF93B51-F3D9-4692-8B1F-D361159C1745}.Debug|x64.ActiveCfg = Debug|x64
		{5CF93B51-F3D9-4692-8B1F-D361159C1745}.Debug|x64.Build.0 = Debug|x64
		{5CF93B51-F3D9-4692-8B1F-D361159C1745}.Debug|x86.ActiveCfg = Debug|Win32
		{5CF93B51-F3D9-4692-8B1F-D361159C1745}.Debug|x86.Build.0 = Debug|Win32
		{5CF93B51-F3D9-4692-8B1F-D361159C1745}.Release|x64.ActiveCfg = Release|x64
		{5CF93B51-F3D9-4692-8B1F-D361159C1745}.Release|x64.Build.0 = Release|x64
		{5CF93B51-F3D9-4692-8B1F-D361159C1745}.Release|x86.ActiveCfg = Release|Win32
		{5CF93B51-F3D9-4692-8B1F-D361159C1745}.Release|x86.Build.0 = Release|Win32
		{34ACE336-6AE4-48AE-8CB8-B2D70B3246A5}.Debug|x64.ActiveCfg = Debug|x64
		{34ACE336-6AE4-48AE-8CB8-B2D70B3246A5}.Debug|x64.Build.0 = Debug|x64
		{34ACE336-6AE4-48AE-8CB8-B2D70B3246A5}.Debug|x86.ActiveCfg = Debug|Win32
		{34ACE336-6AE4-48AE-8CB8-B2D70B3246A5}.Debug|x86.Build.0 = Debug|Win32
		{34ACE336-6AE4-48AE-8CB8-B2D70B3246A5}.Release|x64.ActiveCfg = Release|x64
		{34ACE336-6AE4-48AE-8CB8-B2D70B3246A5}.Release|x64.Build.0 = Release|x64
		{34ACE336-6AE4-48AE-8CB8-B2D70B3246A5}.Release|x86.ActiveCfg = Release|Win32
		{34ACE336-6AE4-48AE-8CB8-B2D70B3246A5}.Release|x86.Build.0 = Release|Win32
		{9457E154-411E-4652-BB1E-0C3B5729883A}.Debug|x64.ActiveCfg = Debug|x64
		{9457E154-411E-4652-BB1E-0C3B5729883A}.Debug|x64.Build.0 = Debug|x64
		{9457E154-411E-4652-BB1E-0C3B5729883A}.Debug|x86.ActiveCfg = Debug|Win32
		{9457E154-411E-4652-BB1E-0C3B5729883A}.Debug|x86.Build.0 = Debug|Win32
		{9457E154-411E-4652-BB1E-0C3B5729883A}.Release|x64.ActiveCfg = Release|x64
		{9457E154-411E-4652-BB1E-0C3B5729883A}.Release|x64.Build.0 = Release|x64
		{9457E154-411E-4652-BB1E-0C3B5729883A}.Release|x86.ActiveCfg = Release|Win32
		{9457E154-411E-4652-BB1E-0C3B5729883A}.Release|x86.Build.0 = Release|Win32
		{F1E526A1-4E07-493E-8C1A-A2F226C457BC}.Debug|x64.ActiveCfg = Debug|x64
		{F1E526A1-4E07-493E-8C1A-A2F226C457BC}.Debug|x64.Build.0 = Debug|x64
		{F1E526A1-4E07-493E-8C1A-A2F226C457BC}.Debug|x86.ActiveCfg = Debug|Win32
		{F1E526A1-4E07-493E-8C1A-A2F226C457BC}.Debug|x86.Build.0 = Debug|Win32
		{F1E526A1-4E07-493E-8C1A-A2F226C457BC}.Release|x64.ActiveCfg = Release|x64
		{F1E526A1-4E07-493E-8C1A-A2F226C457BC}.Release|x64.Build.0 = Release|x64
		{F1E526A1-4E07-493E-8C1A-A2F226C457BC}.Release|x86.ActiveCfg = Release|Win32
		{F1E526A1-4E07-493E-8C1A-A2F226C457BC}.Release|x86.Build.0 = Release|Win32
		{FEAA2F74-74F5-4D57-B966-91C7ACF90E2B}.Debug|x64.ActiveCfg = Debug|x64
		{FEAA2F74-74F5-4D57-B966-91C7ACF90E2B}.Debug|x64.Build.0 = Debug|x64
		{FEAA2F74-74F5-4D57-B966-91C7ACF90E2B}.Debug|x86.ActiveCfg = Debug|Win32
		{FEAA2F74-74F5-4D57-B966-91C7ACF90E2B}.Debug|x86.Build.0 = Debug|Win32
		{FEAA2F74-74F5-4D57-B966-91C7ACF90E2B}.Release|x64.ActiveCfg = Release|x64
		{FEAA2F74-74F5-4D57-B966-91C7ACF90E2B}.Release|x64.Build.0 = Release|x64
		{FEAA2F74-74F5-4D57-B966-91C7ACF90E2B}.Release|x86.ActiveCfg = Release|Win32
		{FEAA2F74-74F5-4D57-B966-91C7ACF90E2B}.Release|x86.Build.0 = Release|Win32
		{211A378B-CF5A-4F50-9296-88B9D9045573}.Debug|x64.ActiveCfg = Debug|x64
		{211A378B-CF5A-4F50-9296-88B9D9045573}.Debug|x64.Build.0 = Debug|x64
		{211A378B-CF5A-4F50-9296-88B9D9045573}.Debug|x86.ActiveCfg = Debug|Win32
		{211A378B-CF5A-4F50-9296-88B9D9045573}.Debug|x86.Build.0 = Debug|Win32
		{211A378B-CF5A-4F50-9296-88B9D9045573}.Release|x64.ActiveCfg = Release|x64
		{211A378B-CF5A-4F50-9296-88B9D9045573}.Release|x64.Build.0 = Release|x64
		{211A378B-CF5A-4F50-9296-88B9D9045573}.Release|x86.ActiveCfg = Release|Win32
		{211A378B-CF5A-4F50-9296-88B9D9045573}.Release|x86.Build.0 = Release|Win32
		{60EFD4CD-3102-41B6-87F5-0B715AEFDD59}.Debug|x64.ActiveCfg = Debug|x64
		{60EFD4CD-3102-41B6-87F5-0B715AEFDD59}.Debug|x64.Build.0 = Debug|x64
		{60EFD4CD-3102-41B6-87F5-0B715AEFDD59}.Debug|x86.ActiveCfg = Debug|Win32
		{60EFD4CD-3102-41B6-87F5-0B715AEFDD59}.Debug|x86.Build.0 = Debug|Win32
		{60EFD4CD-3102-41B6-87F5-0B715AEFDD59}.Release|x64.ActiveCfg = Release|x64
		{60EFD4CD-3102-41B6-87F5-0B715AEFDD59}.Release|x64.Build.0 = Release|x64
		{60EFD4CD-3102-41B6-87F5-0B715AEFDD59}.Release|x86.ActiveCfg = Release|Win32
		{60EFD4CD-3102-41B6-87F5-0B715AEFDD59}.Release|x86.Build.0 = Release|Win32
		{1F36A9C9-2214-4EBF-89BC-F0334A5E6520}.Debug|x64.ActiveCfg = Debug|x64
		{1F36A9C9-2214-4EBF-89BC-F0334A5E6520}.Debug|x64.Build.0 = Debug|x64
		{1F36A9C9-2214-4EBF-89BC-F0334A5E6520}.Debug|x86.ActiveCfg = Debug|Win32
		{1F36A9C9-2214-4EBF-89BC-F0334A5E6520}.Debug|x86.Build.0 = Debug|Win32
		{1F36A9C9-2214-4EBF-89BC-F0334A5E6520}.Release|x64.ActiveCfg = Release|x64
		{1F36A9C9-2214-4EBF-89BC-F0334A5E6520}.Release|x64.Build.0 = Release|x64
		{1F36A9C9-2214-4EBF-89BC-F0334A5E6520}.Release|x86.ActiveCfg = Release|Win32
		{1F36A9C9-2214-4EBF-89BC-F0334A5E6520}.Release|x86.Build.0 = Release|Win32
		{D2C93BDA-2DF2-4D8A-B966-00E30C2C528E}.Debug|x64.ActiveCfg = Debug|x64
		{D2C93BDA-2DF2-4D8A-B966-00E30C2C528E}.Debug|x64.Build.0 = Debug|x64
		{D2C93BDA-2DF2-4D8A-B966-00E30C2C528E}.Debug|x86.ActiveCfg = Debug|Win32
		{D2C93BDA-2DF2-4D8A-B966-00E30C2C528E}.Debug|x86.Build.0 = Debug|Win32
		{D2C93BDA-2DF2-4D8A-B966-00E30C2C528E}.Release|x64.ActiveCfg = Release|x64
		{D2C93BDA-2DF2-4D8A-B966-00E30C2C528E}.Release|x64.Build.0 = Release|x64
		{D2C93BDA-2DF2-4D8A-B966-00E30C2C528E}.Release|x86.ActiveCfg = Release|Win32
		{D2C93BDA-2DF2-4D8A-B966-00E30C2C528E}.Release|x86.Build.0 = Release|Win32
		{32A92179-BC8E-4BC1-87E6-01BC414D9C65}.Debug|x64.ActiveCfg = Debug|x64
		{32A92179-BC8E-4BC1-87E6-01BC414D9C65}.Debug|x64.Build.0 = Debug|x64
		{32A92179-BC8E-4BC1-87E6-01BC414D9C65}.Debug|x86.ActiveCfg = Debug|Win32
		{32A92179-BC8E-4BC1-87E6-01BC414D9C65}.Debug|x86.Build.0 = Debug|Win32
		{32A92179-BC8E-4BC1-87E6-01BC414D9C65}.Release|x64.ActiveCfg = Release|x64
		{32A92179-BC8E-4BC1-87E6-01BC414D9C65}.Release|x64.Build.0 = Release|x64
		{32A92179-BC8E-4BC1-87E6-01BC414D9C65}.Release|x86.ActiveCfg = Release|Win32
		{32A92179-BC8E-4BC1-87E6-01BC414D9C65}.Release|x86.Build.0 = Release|Win32
		{0BB8075B-50C3-43F0-BD54-AF18FBF4F3B5}.Debug|x64.ActiveCfg = Debug|x64
		{0BB8075B-50C3-43F0-BD54-AF18FBF4F3B5}.Debug|x64.Build.0 = Debug|x64
		{0BB8075B-50C3-43F0-BD54-AF18FBF4F3B5}.Debug|x86.ActiveCfg = Debug|Win32
		{0BB8075B-50C3-43F0-BD54-AF18FBF4F3B5}.Debug|x86.Build.0 = Debug|Win32
		{0BB8075B-50C3-43F0-BD54-AF18FBF4F3B5}.Release|x64.ActiveCfg = Release|x64
		{0BB8075B-50C3-43F0-BD54-AF18FBF4F3B5}.Release|x64.Build.0 = Release|x64
		{0BB8075B-50C3-43F0-BD54-AF18FBF4F3B5}.Release|x86.ActiveCfg = Release|Win32
		{0BB8075B-50C3-43F0-BD54-AF18FBF4F3B5}.Release|x86.Build.0 = Release|Win32
		{2781F8CD-D7EB-42EF-BD0B-782FDAD7046B}.Debug|x64.ActiveCfg = Debug|x64
		{2781F8CD-D7EB-42EF-BD0B-782FDAD7046B}.Debug|x64.Build.0 = Debug|x64
		{2781F8CD-D7EB-42EF-BD0B-782FDAD7046B}.Debug|x86.ActiveCfg = Debug|Win32
		{2781F8CD-D7EB-42EF-BD0B-782FDAD7046B}.Debug|x86.Build.0 = Debug|Win32
		{2781F8CD-D7EB-42EF-BD0B-782FDAD7046B}.Release|x64.ActiveCfg = Release|x64
		{2781F8CD-D7EB-42EF-BD0B-782FDAD7046B}.Release|x64.Build.0 = Release|x64
		{2781F8CD-D7EB-42EF-BD0B-782FDAD7046B}.Release|x86.ActiveCfg = Release|Win32
		{2781F8CD-D7EB-42EF-BD0B-782FDAD7046B}.Release|x86.Build.0 = Release|Win32
		{C0686D98-9468-46B3-B063-4E13D43278E5}.Debug|x64.ActiveCfg = Debug|x64
		{C0686D98-9468-46B3-B063-4E13D43278E5}.Debug|x64.Build.0 = Debug|x64
		{C0686D98-9468-46B3-B063-4E13D43278E5}.Debug|x86.ActiveCfg = Debug|Win32
		{C0686D98-9468-46B3-B063-4E13D43278E5}.Debug|x86.Build.0 = Debug|Win32
		{C0686D98-9468-46B3-B063-4E13D43278E5}.Release|x64.ActiveCfg = Release|x64
		{C0686D98-9468-46B3-B063-4E13D43278E5}.Release|x64.Build.0 = Release|x64
		{C0686D98-9468-46B3-B063-4E13D43278E5}.Release|x86.ActiveCfg = Release|Win32
		{C0686D98-9468-46B3-B063-4E13D43278E5}.Release|x86.Build.0 = Release|Win32
		{36D676D9-EAB3-4018-9431-9CAD2321CC91}.Debug|x64.ActiveCfg = Debug|x64
		{36D676D9-EAB3-4018-9431-9CAD2321CC91}.Debug|x64.Build.0 = Debug|x64
		{36D676D9-EAB3-4018-9431-9CAD2321CC91}.Debug|x86.ActiveCfg = Debug|Win32
		{36D676D9-EAB3-4018-9431-9CAD2321CC91}.Debug|x86.Build.0 = Debug|Win32
		{36D676D9-EAB3-4018-9431-9CAD2321CC91}.Release|x64.ActiveCfg = Release|x64
		{36D676D9-EAB3-4018-9431-9CAD2321CC91}.Release|x64.Build.0 = Release|x64
		{36D676D9-EAB3-4018-9431-9CAD2321CC91}.Release|x86.ActiveCfg = Release|Win32
		{36D676D9-EAB3-4018-9431-9CAD2321CC91}.Release|x86.Build.0 = Release|Win32
		{93EDBDDC-0CAE-4911-BA91-EAA08C2244C7}.Debug|x64.ActiveCfg = Debug|x64
		{93EDBDDC-0CAE-4911-BA91-EAA08C2244C7}.Debug|x64.Build.0 = Debug|x64
		{93EDBDDC-0CAE-4911-BA91-EAA08C2244C7}.Debug|x86.ActiveCfg = Debug|Win32
		{93EDBDDC-0CAE-4911-BA91-EAA08C2244C7}.Debug|x86.Build.0 = Debug|Win32
		{93EDBDDC-0CAE-4911-BA91-EAA08C2244C7}.Release|x64.ActiveCfg = Release|x64
		{93EDBDDC-0CAE-4911-BA91-EAA08C2244C7}.Release|x64.Build.0 = Release|x64
		{93EDBDDC-0CAE-4911-BA91-EAA08C2244C7}.Release|x86.ActiveCfg = Release|Win32
		{93EDBDDC-0CAE-4911-BA91-EAA08C2244C7}.Release|x86.Build.0 = Release|Win32
		{DD07662C-D3D7-4DB2-89A9-DE1CBDD721C3}.Debug|x64.ActiveCfg = Debug|x64
		{DD07662C-D3D7-4DB2-89A9-DE1CBDD721C3}.Debug|x64.Build.0 = Debug|x64
		{DD07662C-D3D7-4DB2-89A9-DE1CBDD721C3}.Debug|x86.ActiveCfg = Debug|Win32
		{DD07662C-D3D7-4DB2-89A9-DE1CBDD721C3}.Debug|x86.Build.0 = Debug|Win32
		{DD07662C-D3D7-4DB2-89A9-DE1CBDD721C3}.Release|x64.ActiveCfg = Release|x64
		{DD07662C-D3D7-4DB2-89A9-DE1CBDD721C3}.Release|x64.Build.0 = Release|x64
		{DD07662C-D3D7-4DB2-89A9-DE1CBDD721C3}.Release|x86.ActiveCfg = Release|Win32
		{DD07662C-D3D7-4DB2-89A9-DE1CBDD721C3}.Release|x86.Build.0 = Release|Win32
		{50A76607-CDA0-4455-8E4C-0DB2E776E9C2}.Debug|x64.ActiveCfg = Debug|x64
		{50A76607-CDA0-4455-8E4C-0DB2E776E9C2}.Debug|x64.Build.0 = Debug|x64
		{50A76607-CDA0-4455-8E4C-0DB2E776E9C2}.Debug|x86.ActiveCfg = Debug|Win32
		{50A76607-CDA0-4455-8E4C-0DB2E776E9C2}.Debug|x86.Build.0 = Debug|Win32
		{50A76607-CDA0-4455-8E4C-0DB2E776E9C2}.Release|x64.ActiveCfg = Release|x64
		{50A76607-CDA0-4455-8E4C-0DB2E776E9C2}.Release|x64.Build.0 = Release|x64
		{50A76607-CDA0-4455-8E4C-0DB2E776E9C2}.Release|x86.ActiveCfg = Release|Win32
		{50A76607-CDA0-4455-8E4C-0DB2E776E9C2}.Release|x86.Build.0 = Release|Win32
		{0A05E048-B466-4EDA-9D4F-CA42CDA1CA45}.Debug|x64.ActiveCfg = Debug|x64
		{0A05E048-B466-4EDA-9D4F-CA42CDA1CA45}.Debug|x64.Build.0 = Debug|x64
		{0A05E048-B466-4EDA-9D4F-CA42CDA1CA45}.Debug|x86.ActiveCfg = Debug|Win32
		{0A05E048-B466-4EDA-9D4F-CA42CDA1CA45}.Debug|x86.Build.0 = Debug|Win32
		{0A05E048-B466-4EDA-9D4F-CA42CDA1CA45}.Release|x64.ActiveCfg = Release|x64
		{0A05E048-B466-4EDA-9D4F-CA42CDA1CA45}.Release|x64.Build.0 = Release|x64
		{0A05E048-B466-4EDA-9D4F-CA42CDA1CA45}.Release|x86.ActiveCfg = Release|Win32
		{0A05E048-B466-4EDA-9D4F-CA42CDA1CA45}.Release|x86.Build.0 = Release|Win32
		{827958F4-A7C4-4DF2-8042-8CD184CF1ADA}.Debug|x64.ActiveCfg = Debug|x64
		{827958F4-A7C4-4DF2-8042-8CD184CF1ADA}.Debug|x64.Build.0 = Debug|x64
		{827958F4-A7C4-4DF2-8042-8CD184CF1ADA}.Debug|x86.ActiveCfg = Debug|Win32
		{827958F4-A7C4-4DF2-8042-8CD184CF1ADA}.Debug|x86.Build.0 = Debug|Win32
		{827958F4-A7C4-4DF2-8042-8CD184CF1ADA}.Release|x64.ActiveCfg = Release|x64
		{827958F4-A7C4-4DF2-8042-8CD184CF1ADA}.Release|x64.Build.0 = Release|x64
		{827958F4-A7C4-4DF2-8042-8CD184CF1ADA}.Release|x86.ActiveCfg = Release|Win32
		{827958F4-A7C4-4DF2-8042-8CD184CF1ADA}.Release|x86.Build.0 = Release|Win32
		{5F460289-247F-4402-A7D6-EC387A6E178C}.Debug|x64.ActiveCfg = Debug|x64
		{5F460289-247F-4402-A7D6-EC387A6E178C}.Debug|x64.Build.0 = Debug|x64
		{5F460289-247F-4402-A7D6-EC387A6E178C}.Debug|x86.ActiveCfg = Debug|Win32
		{5F460289-247F-4402-A7D6-EC387A6E178C}.Debug|x86.Build.0 = Debug|Win32
		{5F460289-247F-4402-A7D6-EC387A6E178C}.Release|x64.ActiveCfg = Release|x64
		{5F460289-247F-4402-A7D6-EC387A6E178C}.Release|x64.Build.0 = Release|x64
		{5F460289-247F-4402-A7D6-EC387A6E178C}.Release|x86.ActiveCfg = Release|Win32
		{5F460289-247F-4402-A7D6-EC387A6E178C}.Release|x86.Build.0 = Release|Win32
		{2C6F97BA-94D8-44A1-9B0E-724CA4D10042}.Debug|x64.ActiveCfg = Debug|x64
		{2C6F97BA-94D8-44A1-9B0E-724CA4D10042}.Debug|x64.Build.0 = Debug|x64
		{2C6F97BA-94D8-44A1-9B0E-724CA4D10042}.Debug|x86.ActiveCfg = Debug|Win32
		{2C6F97BA-94D8-44A1-9B0E-724CA4D10042}.Debug|x86.Build.0 = Debug|Win32
		{2C6F97BA-94D8-44A1-9B0E-724CA4D10042}.Release|x64.ActiveCfg = Release|x64
		{2C6F97BA-94D8-44A1-9B0E-724CA4D10042}.Release|x64.Build.0 = Release|x64
		{2C6F97BA-94D8-44A1-9B0E-724CA4D10042}.Release|x86.ActiveCfg = Release|Win32
		{2C6F97BA-94D8-44A1-9B0E-724CA4D10042}.Release|x86.Build.0 = Release|Win32
		{A7DE376D-B55E-4DDD-8FC2-F9CCEEA6D9D8}.Debug|x64.ActiveCfg = Debug|x64
		{A7DE376D-B55E-4DDD-8FC2-F9CCEEA6D9D8}.Debug|x64.Build.0 = Debug|x64
		{A7DE376D-B55E-4DDD-8FC2-F9CCEEA6D9D8}.Debug|x86.ActiveCfg = Debug|Win32
		{A7DE376D-B55E-4DDD-8FC2-F9CCEEA6D9D8}.Debug|x86.Build.0 = Debug|Win32
		{A7DE376D-B55E-4DDD-8FC2-F9CCEEA6D9D8}.Release|x64.ActiveCfg = Release|x64
		{A7DE376D-B55E-4DDD-8FC2-F9CCEEA6D9D8}.Release|x64.Build.0 = Release|x64
		{A7DE376D-B55E-4DDD-8FC2-F9CCEEA6D9D8}.Release|x86.ActiveCfg = Release|Win32
		{A7DE376D-B55E-4DDD-8FC2-F9CCEEA6D9D8}.Release|x86.Build.0 = Release|Win32
		{37AE6755-242B-42E0-B84A-04C7452CA3BB}.Debug|x64.ActiveCfg = Debug|x64
		{37AE6755-242B-42E0-B84A-04C7452CA3BB}.Debug|x64.Build.0 = Debug|x64
		{37AE6755-242B-42E0-B84A-04C7452CA3BB}.Debug|x86.ActiveCfg = Debug|Win32
		{37AE6755-242B-42E0-B84A-04C7452CA3BB}.Debug|x86.Build.0 = Debug|Win32
		{37AE6755-242B-42E0-B84A-04C7452CA3BB}.Release|x64.ActiveCfg = Release|x64
		{37AE6755-242B-42E0-B84A-04C7452CA3BB}.Release|x64.Build.0 = Release|x64
		{37AE6755-242B-42E0-B84A-04C7452CA3BB}.Release|x86.ActiveCfg = Release|Win32
		{37AE6755-242B-42E0-B84A-04C7452CA3BB}.Release|x86.Build.0 = Release|Win32
		{EB482CA7-D66C-4B0C-9615-6D654D7D6122}.Debug|x64.ActiveCfg = Debug|x64
		{EB482CA7-D66C-4B0C-9615-6D654D7D6122}.Debug|x64.Build.0 = Debug|x64
		{EB482CA7-D66C-4B0C-9615-6D654D7D6122}.Debug|x86.ActiveCfg = Debug|Win32
		{EB482CA7-D66C-4B0C-9615-6D654D7D6122}.Debug|x86.Build.0 = Debug|Win32
		{EB482CA7-D66C-4B0C-9615-6D654D7D6122}.Release|x64.ActiveCfg = Release|x64
		{EB482CA7-D66C-4B0C-9615-6D654D7D6122}.Release|x64.Build.0 = Release|x64
		{EB482CA7-D66C-4B0C-9615-6D654D7D6122}.Release|x86.ActiveCfg = Release|Win32
		{EB482CA7-D66C-4B0C-9615-6D654D7D6122}.Release|x86.Build.0 = Release|Win32
		{27B015E5-DADC-4756-BEC8-FAF0EF6900E0}.Debug|x64.ActiveCfg = Debug|x64
		{27B015E5-DADC-4756-BEC8-FAF0EF6900E0}.Debug|x64.Build.0 = Debug|x64
		{27B015E5-DADC-4756-BEC8-FAF0EF6900E0}.Debug|x86.ActiveCfg = Debug|Win32
		{27B015E5-DADC-4756-BEC8-FAF0EF6900E0}.Debug|x86.Build.0 = Debug|Win32
		{27B015E5-DADC-4756-BEC8-FAF0EF6900E0}.Release|x64.ActiveCfg = Release|x64
		{27B015E5-DADC-4756-BEC8-FAF0EF6900E0}.Release|x64.Build.0 = Release|x64
		{27B015E5-DADC-4756-BEC8-FAF0EF6900E0}.Release|x86.ActiveCfg = Release|Win32
		{27B015E5-DADC-4756-BEC8-FAF0EF6900E0}.Release|x86.Build.0 = Release|Win32
		{4937A031-6B97-497C-BB61-D2E02A90351D}.Debug|x64.ActiveCfg = Debug|x64
		{4937A031-6B97-497C-BB61-D2E02A90351D}.Debug|x64.Build.0 = Debug|x64
		{4937A031-6B97-497C-BB61-D2E02A90351D}.Debug|x86.ActiveCfg = Debug|Win32
		{4937A031-6B97-497C-BB61-D2E02A90351D}.Debug|x86.Build.0 = Debug|Win32
		{4937A031-6B97-497C-BB61-D2E02A90351D}.Release|x64.ActiveCfg = Release|x64
		{4937A031-6B97-497C-BB61-D2E02A90351D}.Release|x64.Build.0 = Release|x64
		{4937A031-6B97-497C-BB61-D2E02A90351D}.Release|x86.ActiveCfg = Release|Win32
		{4937A031-6B97-497C-BB61-D2E02A90351D}.Release|x86.Build.0 = Release|Win32
		{FF7D6326-31DF-40A0-BAA4-F562E645E512}.Debug|x64.ActiveCfg = Debug|x64
		{FF7D6326-31DF-40A0-BAA4-F562E645E512}.Debug|x64.Build.0 = Debug|x64
		{FF7D6326-31DF-40A0-BAA4-F562E645E512}.Debug|x86.ActiveCfg = Debug|Win32
		{FF7D6326-31DF-40A0-BAA4-F562E645E512}.Debug|x86.Build.0 = Debug|Win32
		{FF7D6326-31DF-40A0-BAA4-F562E645E512}.Release|x64.ActiveCfg = Release|x64
		{FF7D6326-31DF-40A0-BAA4-F562E645E512}.Release|x64.Build.0 = Release|x64
		{FF7D6326-31DF-40A0-BAA4-F562E645E512}.Release|x86.ActiveCfg = Release|Win32
		{FF7D6326-31DF-40A0-BAA4-F562E645E512}.Release|x86.Build.0 = Release|Win32
		{691ACFC0-D553-4E9E-BAFB-5D86C385B2EA}.Debug|x64.ActiveCfg = Debug|x64
		{691ACFC0-D553-4E9E-BAFB-5D86C385B2EA}.Debug|x64.Build.0 = Debug|x64
		{691ACFC0-D553-4E9E-BAFB-5D86C385B2EA}.Debug|x86.ActiveCfg = Debug|Win32
		{691ACFC0-D553-4E9E-BAFB-5D86C385B2EA}.Debug|x86.Build.0 = Debug|Win32
		{691ACFC0-D553-4E9E-BAFB-5D86C385B2EA}.Release|x64.ActiveCfg = Release|x64
		{691ACFC0-D553-4E9E-BAFB-5D86C385B2EA}.Release|x64.Build.0 = Release|x64
		{691ACFC0-D553-4E9E-BAFB-5D86C385B2EA}.Release|x86.ActiveCfg = Release|Win32
		{691ACFC0-D553-4E9E-BAFB-5D86C385B2EA}.Release|x86.Build.0 = Release|Win32
	EndGlobalSection
	GlobalSection(SolutionProperties) = preSolution
		HideSolutionNode = FALSE
	EndGlobalSection
	GlobalSection(ExtensibilityGlobals) = postSolution
		SolutionGuid = {C53D871F-4DE6-4E42-93C1-F59B73EDB54E}
	EndGlobalSection
EndGlobal
